// !$*UTF8*$!
{
	archiveVersion = 1;
	classes = {
	};
	objectVersion = 52;
	objects = {

/* Begin PBXBuildFile section */
		3B22A30C24FA976A00380640 /* SwiftRichString.swift in Sources */ = {isa = PBXBuildFile; fileRef = 3B22A30B24FA976A00380640 /* SwiftRichString.swift */; };
		3B22A30E24FA990700380640 /* ThemeInitializer.swift in Sources */ = {isa = PBXBuildFile; fileRef = 3B22A30D24FA990700380640 /* ThemeInitializer.swift */; };
		3B48693824FD4E37004D4F5D /* ListCurrenciesTicker.storyboard in Resources */ = {isa = PBXBuildFile; fileRef = 3B48693224FD4E37004D4F5D /* ListCurrenciesTicker.storyboard */; };
		3B48693924FD4E37004D4F5D /* ListCurrenciesTickerInterfaces.swift in Sources */ = {isa = PBXBuildFile; fileRef = 3B48693324FD4E37004D4F5D /* ListCurrenciesTickerInterfaces.swift */; };
		3B48693A24FD4E37004D4F5D /* ListCurrenciesTickerPresenter.swift in Sources */ = {isa = PBXBuildFile; fileRef = 3B48693424FD4E37004D4F5D /* ListCurrenciesTickerPresenter.swift */; };
		3B48693B24FD4E37004D4F5D /* ListCurrenciesTickerViewController.swift in Sources */ = {isa = PBXBuildFile; fileRef = 3B48693524FD4E37004D4F5D /* ListCurrenciesTickerViewController.swift */; };
		3B48693C24FD4E37004D4F5D /* ListCurrenciesTickerInteractor.swift in Sources */ = {isa = PBXBuildFile; fileRef = 3B48693624FD4E37004D4F5D /* ListCurrenciesTickerInteractor.swift */; };
		3B48693D24FD4E37004D4F5D /* ListCurrenciesTickerWireframe.swift in Sources */ = {isa = PBXBuildFile; fileRef = 3B48693724FD4E37004D4F5D /* ListCurrenciesTickerWireframe.swift */; };
		3B48694024FD53B2004D4F5D /* SwifterSwift in Frameworks */ = {isa = PBXBuildFile; productRef = 3B48693F24FD53B2004D4F5D /* SwifterSwift */; };
		3B6FB353247D7FD1002865DF /* iCrypto.xcdatamodeld in Sources */ = {isa = PBXBuildFile; fileRef = 3B6FB351247D7FD1002865DF /* iCrypto.xcdatamodeld */; };
		3B6FB355247D7FD2002865DF /* Assets.xcassets in Resources */ = {isa = PBXBuildFile; fileRef = 3B6FB354247D7FD2002865DF /* Assets.xcassets */; };
		3B6FB358247D7FD2002865DF /* LaunchScreen.storyboard in Resources */ = {isa = PBXBuildFile; fileRef = 3B6FB356247D7FD2002865DF /* LaunchScreen.storyboard */; };
		3B7CC0C224A4E53100CB8476 /* FLEX.framework in Frameworks */ = {isa = PBXBuildFile; fileRef = 3B7CC0C124A4E53100CB8476 /* FLEX.framework */; };
		3B7CC10A24A4E6B400CB8476 /* Constant.swift in Sources */ = {isa = PBXBuildFile; fileRef = 3B7CC0C624A4E6B300CB8476 /* Constant.swift */; };
		3B7CC10B24A4E6B400CB8476 /* CoreDataService.swift in Sources */ = {isa = PBXBuildFile; fileRef = 3B7CC0C824A4E6B300CB8476 /* CoreDataService.swift */; };
		3B7CC10C24A4E6B400CB8476 /* PluggableApplicationDelegate.swift in Sources */ = {isa = PBXBuildFile; fileRef = 3B7CC0C924A4E6B300CB8476 /* PluggableApplicationDelegate.swift */; };
		3B7CC10D24A4E6B400CB8476 /* BootApplicationService.swift in Sources */ = {isa = PBXBuildFile; fileRef = 3B7CC0CA24A4E6B300CB8476 /* BootApplicationService.swift */; };
		3B7CC10E24A4E6B400CB8476 /* ApplicationService.swift in Sources */ = {isa = PBXBuildFile; fileRef = 3B7CC0CB24A4E6B300CB8476 /* ApplicationService.swift */; };
		3B7CC10F24A4E6B400CB8476 /* AppDelegate.swift in Sources */ = {isa = PBXBuildFile; fileRef = 3B7CC0CC24A4E6B300CB8476 /* AppDelegate.swift */; };
		3B7CC11024A4E6B400CB8476 /* Initializable.swift in Sources */ = {isa = PBXBuildFile; fileRef = 3B7CC0CE24A4E6B300CB8476 /* Initializable.swift */; };
		3B7CC11124A4E6B400CB8476 /* CrashReporterInitializer.swift in Sources */ = {isa = PBXBuildFile; fileRef = 3B7CC0CF24A4E6B300CB8476 /* CrashReporterInitializer.swift */; };
		3B7CC11224A4E6B400CB8476 /* LoggerInitializer.swift in Sources */ = {isa = PBXBuildFile; fileRef = 3B7CC0D024A4E6B300CB8476 /* LoggerInitializer.swift */; };
		3B7CC11324A4E6B400CB8476 /* NetworkInitializer.swift in Sources */ = {isa = PBXBuildFile; fileRef = 3B7CC0D124A4E6B300CB8476 /* NetworkInitializer.swift */; };
		3B7CC11424A4E6B400CB8476 /* CommonInitializer.swift in Sources */ = {isa = PBXBuildFile; fileRef = 3B7CC0D224A4E6B300CB8476 /* CommonInitializer.swift */; };
		3B7CC11524A4E6B400CB8476 /* Utilities.swift in Sources */ = {isa = PBXBuildFile; fileRef = 3B7CC0D524A4E6B300CB8476 /* Utilities.swift */; };
		3B7CC11624A4E6B400CB8476 /* typealias.swift in Sources */ = {isa = PBXBuildFile; fileRef = 3B7CC0D624A4E6B300CB8476 /* typealias.swift */; };
		3B7CC11724A4E6B400CB8476 /* BaseXibView.swift in Sources */ = {isa = PBXBuildFile; fileRef = 3B7CC0D724A4E6B400CB8476 /* BaseXibView.swift */; };
		3B7CC11824A4E6B400CB8476 /* AppFont.swift in Sources */ = {isa = PBXBuildFile; fileRef = 3B7CC0D824A4E6B400CB8476 /* AppFont.swift */; };
		3B7CC11924A4E6B400CB8476 /* NavigationBarVisible.swift in Sources */ = {isa = PBXBuildFile; fileRef = 3B7CC0DA24A4E6B400CB8476 /* NavigationBarVisible.swift */; };
		3B7CC11A24A4E6B400CB8476 /* HasLoadingIndicator.swift in Sources */ = {isa = PBXBuildFile; fileRef = 3B7CC0DB24A4E6B400CB8476 /* HasLoadingIndicator.swift */; };
		3B7CC11B24A4E6B400CB8476 /* NSObject.swift in Sources */ = {isa = PBXBuildFile; fileRef = 3B7CC0DD24A4E6B400CB8476 /* NSObject.swift */; };
		3B7CC11C24A4E6B400CB8476 /* Encodable.swift in Sources */ = {isa = PBXBuildFile; fileRef = 3B7CC0DE24A4E6B400CB8476 /* Encodable.swift */; };
		3B7CC11D24A4E6B400CB8476 /* UIButton.swift in Sources */ = {isa = PBXBuildFile; fileRef = 3B7CC0DF24A4E6B400CB8476 /* UIButton.swift */; };
		3B7CC11E24A4E6B400CB8476 /* UIViewController.swift in Sources */ = {isa = PBXBuildFile; fileRef = 3B7CC0E024A4E6B400CB8476 /* UIViewController.swift */; };
		3B7CC11F24A4E6B400CB8476 /* UINavigationController.swift in Sources */ = {isa = PBXBuildFile; fileRef = 3B7CC0E124A4E6B400CB8476 /* UINavigationController.swift */; };
		3B7CC12124A4E6B400CB8476 /* BaseWireframe.swift in Sources */ = {isa = PBXBuildFile; fileRef = 3B7CC0E524A4E6B400CB8476 /* BaseWireframe.swift */; };
		3B7CC12224A4E6B400CB8476 /* FormatterInterface.swift in Sources */ = {isa = PBXBuildFile; fileRef = 3B7CC0E624A4E6B400CB8476 /* FormatterInterface.swift */; };
		3B7CC12324A4E6B400CB8476 /* UIStoryboardExtension.swift in Sources */ = {isa = PBXBuildFile; fileRef = 3B7CC0E724A4E6B400CB8476 /* UIStoryboardExtension.swift */; };
		3B7CC12424A4E6B400CB8476 /* PresenterInterface.swift in Sources */ = {isa = PBXBuildFile; fileRef = 3B7CC0E824A4E6B400CB8476 /* PresenterInterface.swift */; };
		3B7CC12524A4E6B400CB8476 /* ViewInterface.swift in Sources */ = {isa = PBXBuildFile; fileRef = 3B7CC0E924A4E6B400CB8476 /* ViewInterface.swift */; };
		3B7CC12624A4E6B400CB8476 /* InteractorInterface.swift in Sources */ = {isa = PBXBuildFile; fileRef = 3B7CC0EA24A4E6B400CB8476 /* InteractorInterface.swift */; };
		3B7CC12724A4E6B400CB8476 /* RoundShadowView.swift in Sources */ = {isa = PBXBuildFile; fileRef = 3B7CC0EC24A4E6B400CB8476 /* RoundShadowView.swift */; };
		3B7CC12924A4E6B400CB8476 /* RoundedImageView.swift in Sources */ = {isa = PBXBuildFile; fileRef = 3B7CC0EE24A4E6B400CB8476 /* RoundedImageView.swift */; };
		3B7CC12A24A4E6B400CB8476 /* LoadingView.swift in Sources */ = {isa = PBXBuildFile; fileRef = 3B7CC0EF24A4E6B400CB8476 /* LoadingView.swift */; };
		3B7CC12D24A4E6B400CB8476 /* APIErrorResponse.swift in Sources */ = {isa = PBXBuildFile; fileRef = 3B7CC0F724A4E6B400CB8476 /* APIErrorResponse.swift */; };
		3B7CC12E24A4E6B400CB8476 /* APIResponse.swift in Sources */ = {isa = PBXBuildFile; fileRef = 3B7CC0F824A4E6B400CB8476 /* APIResponse.swift */; };
		3B7CC12F24A4E6B400CB8476 /* APIListResponse.swift in Sources */ = {isa = PBXBuildFile; fileRef = 3B7CC0F924A4E6B400CB8476 /* APIListResponse.swift */; };
		3B7CC13324A4E6B400CB8476 /* UserDefaultService.swift in Sources */ = {isa = PBXBuildFile; fileRef = 3B7CC10324A4E6B400CB8476 /* UserDefaultService.swift */; };
		3B7CC13424A4E6B400CB8476 /* UserDefaultPropertiesWrapper.swift in Sources */ = {isa = PBXBuildFile; fileRef = 3B7CC10424A4E6B400CB8476 /* UserDefaultPropertiesWrapper.swift */; };
		3B7CC13524A4E6B400CB8476 /* BaseViewController.swift in Sources */ = {isa = PBXBuildFile; fileRef = 3B7CC10624A4E6B400CB8476 /* BaseViewController.swift */; };
		3B7CC13624A4E6B400CB8476 /* BaseTableViewCell.swift in Sources */ = {isa = PBXBuildFile; fileRef = 3B7CC10724A4E6B400CB8476 /* BaseTableViewCell.swift */; };
		3B7CC13724A4E6B400CB8476 /* BaseCollectionViewCell.swift in Sources */ = {isa = PBXBuildFile; fileRef = 3B7CC10824A4E6B400CB8476 /* BaseCollectionViewCell.swift */; };
		3B7CC13824A4E6B400CB8476 /* BaseUILabel.swift in Sources */ = {isa = PBXBuildFile; fileRef = 3B7CC10924A4E6B400CB8476 /* BaseUILabel.swift */; };
		3B7CC13C24A4E6EE00CB8476 /* Colors.xcassets in Resources */ = {isa = PBXBuildFile; fileRef = 3B7CC13B24A4E6EE00CB8476 /* Colors.xcassets */; };
		3B7CC14024A4EC1200CB8476 /* R.generated.swift in Sources */ = {isa = PBXBuildFile; fileRef = 3B7CC13F24A4EC1200CB8476 /* R.generated.swift */; };
		3B7CC14224A4F50D00CB8476 /* Log.swift in Sources */ = {isa = PBXBuildFile; fileRef = 3B7CC14124A4F50D00CB8476 /* Log.swift */; };
		3B7CC17124A4FAD000CB8476 /* Charts.storyboard in Resources */ = {isa = PBXBuildFile; fileRef = 3B7CC16A24A4FAD000CB8476 /* Charts.storyboard */; };
		3B7CC17224A4FAD000CB8476 /* ChartsInterfaces.swift in Sources */ = {isa = PBXBuildFile; fileRef = 3B7CC16B24A4FAD000CB8476 /* ChartsInterfaces.swift */; };
		3B7CC17324A4FAD000CB8476 /* ChartsPresenter.swift in Sources */ = {isa = PBXBuildFile; fileRef = 3B7CC16C24A4FAD000CB8476 /* ChartsPresenter.swift */; };
		3B7CC17424A4FAD000CB8476 /* ChartsViewController.swift in Sources */ = {isa = PBXBuildFile; fileRef = 3B7CC16D24A4FAD000CB8476 /* ChartsViewController.swift */; };
		3B7CC17524A4FAD000CB8476 /* ChartsFormatter.swift in Sources */ = {isa = PBXBuildFile; fileRef = 3B7CC16E24A4FAD000CB8476 /* ChartsFormatter.swift */; };
		3B7CC17624A4FAD000CB8476 /* ChartsInteractor.swift in Sources */ = {isa = PBXBuildFile; fileRef = 3B7CC16F24A4FAD000CB8476 /* ChartsInteractor.swift */; };
		3B7CC17724A4FAD000CB8476 /* ChartsWireframe.swift in Sources */ = {isa = PBXBuildFile; fileRef = 3B7CC17024A4FAD000CB8476 /* ChartsWireframe.swift */; };
		3BBAF13424F40A7400FC198F /* RxSwiftExt in Frameworks */ = {isa = PBXBuildFile; productRef = 3BBAF13324F40A7400FC198F /* RxSwiftExt */; };
		3BBAF13624F40A7400FC198F /* Rswift in Frameworks */ = {isa = PBXBuildFile; productRef = 3BBAF13524F40A7400FC198F /* Rswift */; };
		3BBAF13824F40A7400FC198F /* SwiftRichString in Frameworks */ = {isa = PBXBuildFile; productRef = 3BBAF13724F40A7400FC198F /* SwiftRichString */; };
		3BBAF13A24F40A7400FC198F /* SnapKit in Frameworks */ = {isa = PBXBuildFile; productRef = 3BBAF13924F40A7400FC198F /* SnapKit */; };
		3BBAF13C24F40A7400FC198F /* DevelopKits in Frameworks */ = {isa = PBXBuildFile; productRef = 3BBAF13B24F40A7400FC198F /* DevelopKits */; };
		3BBAF13E24F40A7400FC198F /* RequestKits in Frameworks */ = {isa = PBXBuildFile; productRef = 3BBAF13D24F40A7400FC198F /* RequestKits */; };
		3BC800F624FD41AF00CB39FB /* CurrenciesTicker.swift in Sources */ = {isa = PBXBuildFile; fileRef = 3BC800F524FD41AF00CB39FB /* CurrenciesTicker.swift */; };
		3BC800F824FD448000CB39FB /* ErrorShowable.swift in Sources */ = {isa = PBXBuildFile; fileRef = 3BC800F724FD448000CB39FB /* ErrorShowable.swift */; };
/* End PBXBuildFile section */

/* Begin PBXContainerItemProxy section */
		3B6FB35F247D7FD2002865DF /* PBXContainerItemProxy */ = {
			isa = PBXContainerItemProxy;
			containerPortal = 3B6FB33D247D7FD1002865DF /* Project object */;
			proxyType = 1;
			remoteGlobalIDString = 3B6FB344247D7FD1002865DF;
			remoteInfo = iCrypto;
		};
/* End PBXContainerItemProxy section */

/* Begin PBXFileReference section */
		3B22A30B24FA976A00380640 /* SwiftRichString.swift */ = {isa = PBXFileReference; lastKnownFileType = sourcecode.swift; path = SwiftRichString.swift; sourceTree = "<group>"; };
		3B22A30D24FA990700380640 /* ThemeInitializer.swift */ = {isa = PBXFileReference; lastKnownFileType = sourcecode.swift; path = ThemeInitializer.swift; sourceTree = "<group>"; };
		3B48693224FD4E37004D4F5D /* ListCurrenciesTicker.storyboard */ = {isa = PBXFileReference; lastKnownFileType = file.storyboard; path = ListCurrenciesTicker.storyboard; sourceTree = "<group>"; };
		3B48693324FD4E37004D4F5D /* ListCurrenciesTickerInterfaces.swift */ = {isa = PBXFileReference; lastKnownFileType = sourcecode.swift; path = ListCurrenciesTickerInterfaces.swift; sourceTree = "<group>"; };
		3B48693424FD4E37004D4F5D /* ListCurrenciesTickerPresenter.swift */ = {isa = PBXFileReference; lastKnownFileType = sourcecode.swift; path = ListCurrenciesTickerPresenter.swift; sourceTree = "<group>"; };
		3B48693524FD4E37004D4F5D /* ListCurrenciesTickerViewController.swift */ = {isa = PBXFileReference; lastKnownFileType = sourcecode.swift; path = ListCurrenciesTickerViewController.swift; sourceTree = "<group>"; };
		3B48693624FD4E37004D4F5D /* ListCurrenciesTickerInteractor.swift */ = {isa = PBXFileReference; lastKnownFileType = sourcecode.swift; path = ListCurrenciesTickerInteractor.swift; sourceTree = "<group>"; };
		3B48693724FD4E37004D4F5D /* ListCurrenciesTickerWireframe.swift */ = {isa = PBXFileReference; lastKnownFileType = sourcecode.swift; path = ListCurrenciesTickerWireframe.swift; sourceTree = "<group>"; };
		3B6FB345247D7FD1002865DF /* iCrypto.app */ = {isa = PBXFileReference; explicitFileType = wrapper.application; includeInIndex = 0; path = iCrypto.app; sourceTree = BUILT_PRODUCTS_DIR; };
		3B6FB352247D7FD1002865DF /* iCrypto.xcdatamodel */ = {isa = PBXFileReference; lastKnownFileType = wrapper.xcdatamodel; path = iCrypto.xcdatamodel; sourceTree = "<group>"; };
		3B6FB354247D7FD2002865DF /* Assets.xcassets */ = {isa = PBXFileReference; lastKnownFileType = folder.assetcatalog; path = Assets.xcassets; sourceTree = "<group>"; };
		3B6FB357247D7FD2002865DF /* Base */ = {isa = PBXFileReference; lastKnownFileType = file.storyboard; name = Base; path = Base.lproj/LaunchScreen.storyboard; sourceTree = "<group>"; };
		3B6FB359247D7FD2002865DF /* Info.plist */ = {isa = PBXFileReference; lastKnownFileType = text.plist.xml; path = Info.plist; sourceTree = "<group>"; };
		3B6FB35E247D7FD2002865DF /* iCryptoTests.xctest */ = {isa = PBXFileReference; explicitFileType = wrapper.cfbundle; includeInIndex = 0; path = iCryptoTests.xctest; sourceTree = BUILT_PRODUCTS_DIR; };
		3B6FB364247D7FD2002865DF /* Info.plist */ = {isa = PBXFileReference; lastKnownFileType = text.plist.xml; path = Info.plist; sourceTree = "<group>"; };
		3B7CC0C124A4E53100CB8476 /* FLEX.framework */ = {isa = PBXFileReference; lastKnownFileType = wrapper.framework; name = FLEX.framework; path = Carthage/Build/iOS/FLEX.framework; sourceTree = "<group>"; };
		3B7CC0C624A4E6B300CB8476 /* Constant.swift */ = {isa = PBXFileReference; fileEncoding = 4; lastKnownFileType = sourcecode.swift; path = Constant.swift; sourceTree = "<group>"; };
		3B7CC0C824A4E6B300CB8476 /* CoreDataService.swift */ = {isa = PBXFileReference; fileEncoding = 4; lastKnownFileType = sourcecode.swift; path = CoreDataService.swift; sourceTree = "<group>"; };
		3B7CC0C924A4E6B300CB8476 /* PluggableApplicationDelegate.swift */ = {isa = PBXFileReference; fileEncoding = 4; lastKnownFileType = sourcecode.swift; path = PluggableApplicationDelegate.swift; sourceTree = "<group>"; };
		3B7CC0CA24A4E6B300CB8476 /* BootApplicationService.swift */ = {isa = PBXFileReference; fileEncoding = 4; lastKnownFileType = sourcecode.swift; path = BootApplicationService.swift; sourceTree = "<group>"; };
		3B7CC0CB24A4E6B300CB8476 /* ApplicationService.swift */ = {isa = PBXFileReference; fileEncoding = 4; lastKnownFileType = sourcecode.swift; path = ApplicationService.swift; sourceTree = "<group>"; };
		3B7CC0CC24A4E6B300CB8476 /* AppDelegate.swift */ = {isa = PBXFileReference; fileEncoding = 4; lastKnownFileType = sourcecode.swift; path = AppDelegate.swift; sourceTree = "<group>"; };
		3B7CC0CE24A4E6B300CB8476 /* Initializable.swift */ = {isa = PBXFileReference; fileEncoding = 4; lastKnownFileType = sourcecode.swift; path = Initializable.swift; sourceTree = "<group>"; };
		3B7CC0CF24A4E6B300CB8476 /* CrashReporterInitializer.swift */ = {isa = PBXFileReference; fileEncoding = 4; lastKnownFileType = sourcecode.swift; path = CrashReporterInitializer.swift; sourceTree = "<group>"; };
		3B7CC0D024A4E6B300CB8476 /* LoggerInitializer.swift */ = {isa = PBXFileReference; fileEncoding = 4; lastKnownFileType = sourcecode.swift; path = LoggerInitializer.swift; sourceTree = "<group>"; };
		3B7CC0D124A4E6B300CB8476 /* NetworkInitializer.swift */ = {isa = PBXFileReference; fileEncoding = 4; lastKnownFileType = sourcecode.swift; path = NetworkInitializer.swift; sourceTree = "<group>"; };
		3B7CC0D224A4E6B300CB8476 /* CommonInitializer.swift */ = {isa = PBXFileReference; fileEncoding = 4; lastKnownFileType = sourcecode.swift; path = CommonInitializer.swift; sourceTree = "<group>"; };
		3B7CC0D524A4E6B300CB8476 /* Utilities.swift */ = {isa = PBXFileReference; fileEncoding = 4; lastKnownFileType = sourcecode.swift; path = Utilities.swift; sourceTree = "<group>"; };
		3B7CC0D624A4E6B300CB8476 /* typealias.swift */ = {isa = PBXFileReference; fileEncoding = 4; lastKnownFileType = sourcecode.swift; path = typealias.swift; sourceTree = "<group>"; };
		3B7CC0D724A4E6B400CB8476 /* BaseXibView.swift */ = {isa = PBXFileReference; fileEncoding = 4; lastKnownFileType = sourcecode.swift; path = BaseXibView.swift; sourceTree = "<group>"; };
		3B7CC0D824A4E6B400CB8476 /* AppFont.swift */ = {isa = PBXFileReference; fileEncoding = 4; lastKnownFileType = sourcecode.swift; path = AppFont.swift; sourceTree = "<group>"; };
		3B7CC0DA24A4E6B400CB8476 /* NavigationBarVisible.swift */ = {isa = PBXFileReference; fileEncoding = 4; lastKnownFileType = sourcecode.swift; path = NavigationBarVisible.swift; sourceTree = "<group>"; };
		3B7CC0DB24A4E6B400CB8476 /* HasLoadingIndicator.swift */ = {isa = PBXFileReference; fileEncoding = 4; lastKnownFileType = sourcecode.swift; path = HasLoadingIndicator.swift; sourceTree = "<group>"; };
		3B7CC0DD24A4E6B400CB8476 /* NSObject.swift */ = {isa = PBXFileReference; fileEncoding = 4; lastKnownFileType = sourcecode.swift; path = NSObject.swift; sourceTree = "<group>"; };
		3B7CC0DE24A4E6B400CB8476 /* Encodable.swift */ = {isa = PBXFileReference; fileEncoding = 4; lastKnownFileType = sourcecode.swift; path = Encodable.swift; sourceTree = "<group>"; };
		3B7CC0DF24A4E6B400CB8476 /* UIButton.swift */ = {isa = PBXFileReference; fileEncoding = 4; lastKnownFileType = sourcecode.swift; path = UIButton.swift; sourceTree = "<group>"; };
		3B7CC0E024A4E6B400CB8476 /* UIViewController.swift */ = {isa = PBXFileReference; fileEncoding = 4; lastKnownFileType = sourcecode.swift; path = UIViewController.swift; sourceTree = "<group>"; };
		3B7CC0E124A4E6B400CB8476 /* UINavigationController.swift */ = {isa = PBXFileReference; fileEncoding = 4; lastKnownFileType = sourcecode.swift; path = UINavigationController.swift; sourceTree = "<group>"; };
		3B7CC0E524A4E6B400CB8476 /* BaseWireframe.swift */ = {isa = PBXFileReference; fileEncoding = 4; lastKnownFileType = sourcecode.swift; path = BaseWireframe.swift; sourceTree = "<group>"; };
		3B7CC0E624A4E6B400CB8476 /* FormatterInterface.swift */ = {isa = PBXFileReference; fileEncoding = 4; lastKnownFileType = sourcecode.swift; path = FormatterInterface.swift; sourceTree = "<group>"; };
		3B7CC0E724A4E6B400CB8476 /* UIStoryboardExtension.swift */ = {isa = PBXFileReference; fileEncoding = 4; lastKnownFileType = sourcecode.swift; path = UIStoryboardExtension.swift; sourceTree = "<group>"; };
		3B7CC0E824A4E6B400CB8476 /* PresenterInterface.swift */ = {isa = PBXFileReference; fileEncoding = 4; lastKnownFileType = sourcecode.swift; path = PresenterInterface.swift; sourceTree = "<group>"; };
		3B7CC0E924A4E6B400CB8476 /* ViewInterface.swift */ = {isa = PBXFileReference; fileEncoding = 4; lastKnownFileType = sourcecode.swift; path = ViewInterface.swift; sourceTree = "<group>"; };
		3B7CC0EA24A4E6B400CB8476 /* InteractorInterface.swift */ = {isa = PBXFileReference; fileEncoding = 4; lastKnownFileType = sourcecode.swift; path = InteractorInterface.swift; sourceTree = "<group>"; };
		3B7CC0EC24A4E6B400CB8476 /* RoundShadowView.swift */ = {isa = PBXFileReference; fileEncoding = 4; lastKnownFileType = sourcecode.swift; path = RoundShadowView.swift; sourceTree = "<group>"; };
		3B7CC0EE24A4E6B400CB8476 /* RoundedImageView.swift */ = {isa = PBXFileReference; fileEncoding = 4; lastKnownFileType = sourcecode.swift; path = RoundedImageView.swift; sourceTree = "<group>"; };
		3B7CC0EF24A4E6B400CB8476 /* LoadingView.swift */ = {isa = PBXFileReference; fileEncoding = 4; lastKnownFileType = sourcecode.swift; path = LoadingView.swift; sourceTree = "<group>"; };
		3B7CC0F724A4E6B400CB8476 /* APIErrorResponse.swift */ = {isa = PBXFileReference; fileEncoding = 4; lastKnownFileType = sourcecode.swift; path = APIErrorResponse.swift; sourceTree = "<group>"; };
		3B7CC0F824A4E6B400CB8476 /* APIResponse.swift */ = {isa = PBXFileReference; fileEncoding = 4; lastKnownFileType = sourcecode.swift; path = APIResponse.swift; sourceTree = "<group>"; };
		3B7CC0F924A4E6B400CB8476 /* APIListResponse.swift */ = {isa = PBXFileReference; fileEncoding = 4; lastKnownFileType = sourcecode.swift; path = APIListResponse.swift; sourceTree = "<group>"; };
		3B7CC10324A4E6B400CB8476 /* UserDefaultService.swift */ = {isa = PBXFileReference; fileEncoding = 4; lastKnownFileType = sourcecode.swift; path = UserDefaultService.swift; sourceTree = "<group>"; };
		3B7CC10424A4E6B400CB8476 /* UserDefaultPropertiesWrapper.swift */ = {isa = PBXFileReference; fileEncoding = 4; lastKnownFileType = sourcecode.swift; path = UserDefaultPropertiesWrapper.swift; sourceTree = "<group>"; };
		3B7CC10624A4E6B400CB8476 /* BaseViewController.swift */ = {isa = PBXFileReference; fileEncoding = 4; lastKnownFileType = sourcecode.swift; path = BaseViewController.swift; sourceTree = "<group>"; };
		3B7CC10724A4E6B400CB8476 /* BaseTableViewCell.swift */ = {isa = PBXFileReference; fileEncoding = 4; lastKnownFileType = sourcecode.swift; path = BaseTableViewCell.swift; sourceTree = "<group>"; };
		3B7CC10824A4E6B400CB8476 /* BaseCollectionViewCell.swift */ = {isa = PBXFileReference; fileEncoding = 4; lastKnownFileType = sourcecode.swift; path = BaseCollectionViewCell.swift; sourceTree = "<group>"; };
		3B7CC10924A4E6B400CB8476 /* BaseUILabel.swift */ = {isa = PBXFileReference; fileEncoding = 4; lastKnownFileType = sourcecode.swift; path = BaseUILabel.swift; sourceTree = "<group>"; };
		3B7CC13B24A4E6EE00CB8476 /* Colors.xcassets */ = {isa = PBXFileReference; lastKnownFileType = folder.assetcatalog; path = Colors.xcassets; sourceTree = "<group>"; };
		3B7CC13F24A4EC1200CB8476 /* R.generated.swift */ = {isa = PBXFileReference; fileEncoding = 4; lastKnownFileType = sourcecode.swift; name = R.generated.swift; path = Generated/R.generated.swift; sourceTree = SOURCE_ROOT; };
		3B7CC14124A4F50D00CB8476 /* Log.swift */ = {isa = PBXFileReference; lastKnownFileType = sourcecode.swift; path = Log.swift; sourceTree = "<group>"; };
		3B7CC16A24A4FAD000CB8476 /* Charts.storyboard */ = {isa = PBXFileReference; lastKnownFileType = file.storyboard; path = Charts.storyboard; sourceTree = "<group>"; };
		3B7CC16B24A4FAD000CB8476 /* ChartsInterfaces.swift */ = {isa = PBXFileReference; lastKnownFileType = sourcecode.swift; path = ChartsInterfaces.swift; sourceTree = "<group>"; };
		3B7CC16C24A4FAD000CB8476 /* ChartsPresenter.swift */ = {isa = PBXFileReference; lastKnownFileType = sourcecode.swift; path = ChartsPresenter.swift; sourceTree = "<group>"; };
		3B7CC16D24A4FAD000CB8476 /* ChartsViewController.swift */ = {isa = PBXFileReference; lastKnownFileType = sourcecode.swift; path = ChartsViewController.swift; sourceTree = "<group>"; };
		3B7CC16E24A4FAD000CB8476 /* ChartsFormatter.swift */ = {isa = PBXFileReference; lastKnownFileType = sourcecode.swift; path = ChartsFormatter.swift; sourceTree = "<group>"; };
		3B7CC16F24A4FAD000CB8476 /* ChartsInteractor.swift */ = {isa = PBXFileReference; lastKnownFileType = sourcecode.swift; path = ChartsInteractor.swift; sourceTree = "<group>"; };
		3B7CC17024A4FAD000CB8476 /* ChartsWireframe.swift */ = {isa = PBXFileReference; lastKnownFileType = sourcecode.swift; path = ChartsWireframe.swift; sourceTree = "<group>"; };
		3BC800F524FD41AF00CB39FB /* CurrenciesTicker.swift */ = {isa = PBXFileReference; lastKnownFileType = sourcecode.swift; path = CurrenciesTicker.swift; sourceTree = "<group>"; };
		3BC800F724FD448000CB39FB /* ErrorShowable.swift */ = {isa = PBXFileReference; lastKnownFileType = sourcecode.swift; path = ErrorShowable.swift; sourceTree = "<group>"; };
/* End PBXFileReference section */

/* Begin PBXFrameworksBuildPhase section */
		3B6FB342247D7FD1002865DF /* Frameworks */ = {
			isa = PBXFrameworksBuildPhase;
			buildActionMask = 2147483647;
			files = (
				3BBAF13624F40A7400FC198F /* Rswift in Frameworks */,
				3BBAF13E24F40A7400FC198F /* RequestKits in Frameworks */,
				3BBAF13824F40A7400FC198F /* SwiftRichString in Frameworks */,
				3BBAF13424F40A7400FC198F /* RxSwiftExt in Frameworks */,
				3BBAF13C24F40A7400FC198F /* DevelopKits in Frameworks */,
				3B48694024FD53B2004D4F5D /* SwifterSwift in Frameworks */,
				3B7CC0C224A4E53100CB8476 /* FLEX.framework in Frameworks */,
				3BBAF13A24F40A7400FC198F /* SnapKit in Frameworks */,
			);
			runOnlyForDeploymentPostprocessing = 0;
		};
		3B6FB35B247D7FD2002865DF /* Frameworks */ = {
			isa = PBXFrameworksBuildPhase;
			buildActionMask = 2147483647;
			files = (
			);
			runOnlyForDeploymentPostprocessing = 0;
		};
/* End PBXFrameworksBuildPhase section */

/* Begin PBXGroup section */
		3B6FB33C247D7FD1002865DF = {
			isa = PBXGroup;
			children = (
				3B6FB347247D7FD1002865DF /* iCrypto */,
				3B6FB361247D7FD2002865DF /* iCryptoTests */,
				3B6FB346247D7FD1002865DF /* Products */,
				3B7CC0C024A4E53100CB8476 /* Frameworks */,
			);
			sourceTree = "<group>";
			usesTabs = 0;
		};
		3B6FB346247D7FD1002865DF /* Products */ = {
			isa = PBXGroup;
			children = (
				3B6FB345247D7FD1002865DF /* iCrypto.app */,
				3B6FB35E247D7FD2002865DF /* iCryptoTests.xctest */,
			);
			name = Products;
			sourceTree = "<group>";
		};
		3B6FB347247D7FD1002865DF /* iCrypto */ = {
			isa = PBXGroup;
			children = (
				3B7CC0C524A4E6B300CB8476 /* Application */,
				3B7CC0D324A4E6B300CB8476 /* Common */,
				3B7CC13924A4E6C400CB8476 /* Modules */,
				3B7CC13A24A4E6DA00CB8476 /* Resources */,
				3B7CC13D24A4E6FC00CB8476 /* SupportingFiles */,
				3B7CC13E24A4E71C00CB8476 /* Database */,
			);
			path = iCrypto;
			sourceTree = "<group>";
		};
		3B6FB361247D7FD2002865DF /* iCryptoTests */ = {
			isa = PBXGroup;
			children = (
				3B6FB364247D7FD2002865DF /* Info.plist */,
			);
			path = iCryptoTests;
			sourceTree = "<group>";
		};
		3B7CC0C024A4E53100CB8476 /* Frameworks */ = {
			isa = PBXGroup;
			children = (
				3B7CC0C124A4E53100CB8476 /* FLEX.framework */,
			);
			name = Frameworks;
			sourceTree = "<group>";
		};
		3B7CC0C524A4E6B300CB8476 /* Application */ = {
			isa = PBXGroup;
			children = (
				3B7CC0C624A4E6B300CB8476 /* Constant.swift */,
				3B7CC0C724A4E6B300CB8476 /* PluggableApplication */,
				3B7CC0CC24A4E6B300CB8476 /* AppDelegate.swift */,
				3B7CC0CD24A4E6B300CB8476 /* Initializers */,
			);
			path = Application;
			sourceTree = "<group>";
		};
		3B7CC0C724A4E6B300CB8476 /* PluggableApplication */ = {
			isa = PBXGroup;
			children = (
				3B7CC0C824A4E6B300CB8476 /* CoreDataService.swift */,
				3B7CC0C924A4E6B300CB8476 /* PluggableApplicationDelegate.swift */,
				3B7CC0CA24A4E6B300CB8476 /* BootApplicationService.swift */,
				3B7CC0CB24A4E6B300CB8476 /* ApplicationService.swift */,
			);
			path = PluggableApplication;
			sourceTree = "<group>";
		};
		3B7CC0CD24A4E6B300CB8476 /* Initializers */ = {
			isa = PBXGroup;
			children = (
				3B7CC0CE24A4E6B300CB8476 /* Initializable.swift */,
				3B7CC0CF24A4E6B300CB8476 /* CrashReporterInitializer.swift */,
				3B7CC0D024A4E6B300CB8476 /* LoggerInitializer.swift */,
				3B7CC0D124A4E6B300CB8476 /* NetworkInitializer.swift */,
				3B7CC0D224A4E6B300CB8476 /* CommonInitializer.swift */,
				3B22A30D24FA990700380640 /* ThemeInitializer.swift */,
			);
			path = Initializers;
			sourceTree = "<group>";
		};
		3B7CC0D324A4E6B300CB8476 /* Common */ = {
			isa = PBXGroup;
			children = (
				3B7CC0D424A4E6B300CB8476 /* Other */,
				3B7CC0D924A4E6B400CB8476 /* Protocol */,
				3B7CC0DC24A4E6B400CB8476 /* Extensions */,
				3B7CC0E424A4E6B400CB8476 /* VIPER */,
				3B7CC0EB24A4E6B400CB8476 /* CustomView */,
				3B7CC0F024A4E6B400CB8476 /* Service */,
				3B7CC10524A4E6B400CB8476 /* Base */,
			);
			path = Common;
			sourceTree = "<group>";
		};
		3B7CC0D424A4E6B300CB8476 /* Other */ = {
			isa = PBXGroup;
			children = (
				3B7CC0D524A4E6B300CB8476 /* Utilities.swift */,
				3B7CC0D624A4E6B300CB8476 /* typealias.swift */,
				3B7CC0D724A4E6B400CB8476 /* BaseXibView.swift */,
				3B7CC0D824A4E6B400CB8476 /* AppFont.swift */,
				3B7CC14124A4F50D00CB8476 /* Log.swift */,
			);
			path = Other;
			sourceTree = "<group>";
		};
		3B7CC0D924A4E6B400CB8476 /* Protocol */ = {
			isa = PBXGroup;
			children = (
				3B7CC0DA24A4E6B400CB8476 /* NavigationBarVisible.swift */,
				3B7CC0DB24A4E6B400CB8476 /* HasLoadingIndicator.swift */,
				3BC800F724FD448000CB39FB /* ErrorShowable.swift */,
			);
			path = Protocol;
			sourceTree = "<group>";
		};
		3B7CC0DC24A4E6B400CB8476 /* Extensions */ = {
			isa = PBXGroup;
			children = (
				3B7CC0DD24A4E6B400CB8476 /* NSObject.swift */,
				3B7CC0DE24A4E6B400CB8476 /* Encodable.swift */,
				3B7CC0DF24A4E6B400CB8476 /* UIButton.swift */,
				3B7CC0E024A4E6B400CB8476 /* UIViewController.swift */,
				3B7CC0E124A4E6B400CB8476 /* UINavigationController.swift */,
				3B22A30B24FA976A00380640 /* SwiftRichString.swift */,
			);
			path = Extensions;
			sourceTree = "<group>";
		};
		3B7CC0E424A4E6B400CB8476 /* VIPER */ = {
			isa = PBXGroup;
			children = (
				3B7CC0E524A4E6B400CB8476 /* BaseWireframe.swift */,
				3B7CC0E624A4E6B400CB8476 /* FormatterInterface.swift */,
				3B7CC0E724A4E6B400CB8476 /* UIStoryboardExtension.swift */,
				3B7CC0E824A4E6B400CB8476 /* PresenterInterface.swift */,
				3B7CC0E924A4E6B400CB8476 /* ViewInterface.swift */,
				3B7CC0EA24A4E6B400CB8476 /* InteractorInterface.swift */,
			);
			path = VIPER;
			sourceTree = "<group>";
		};
		3B7CC0EB24A4E6B400CB8476 /* CustomView */ = {
			isa = PBXGroup;
			children = (
				3B7CC0EC24A4E6B400CB8476 /* RoundShadowView.swift */,
				3B7CC0EE24A4E6B400CB8476 /* RoundedImageView.swift */,
				3B7CC0EF24A4E6B400CB8476 /* LoadingView.swift */,
			);
			path = CustomView;
			sourceTree = "<group>";
		};
		3B7CC0F024A4E6B400CB8476 /* Service */ = {
			isa = PBXGroup;
			children = (
				3B7CC0F124A4E6B400CB8476 /* Network */,
				3B7CC0FD24A4E6B400CB8476 /* LocalStorage */,
			);
			path = Service;
			sourceTree = "<group>";
		};
		3B7CC0F124A4E6B400CB8476 /* Network */ = {
			isa = PBXGroup;
			children = (
				3BC800F424FD3E5100CB39FB /* Wallet */,
				3B7CC0F624A4E6B400CB8476 /* Models */,
			);
			path = Network;
			sourceTree = "<group>";
		};
		3B7CC0F624A4E6B400CB8476 /* Models */ = {
			isa = PBXGroup;
			children = (
				3B7CC0F724A4E6B400CB8476 /* APIErrorResponse.swift */,
				3B7CC0F824A4E6B400CB8476 /* APIResponse.swift */,
				3B7CC0F924A4E6B400CB8476 /* APIListResponse.swift */,
			);
			path = Models;
			sourceTree = "<group>";
		};
		3B7CC0FD24A4E6B400CB8476 /* LocalStorage */ = {
			isa = PBXGroup;
			children = (
				3B7CC0FE24A4E6B400CB8476 /* Database */,
				3B7CC10224A4E6B400CB8476 /* UserDefault */,
			);
			path = LocalStorage;
			sourceTree = "<group>";
		};
		3B7CC0FE24A4E6B400CB8476 /* Database */ = {
			isa = PBXGroup;
			children = (
				3B7CC0FF24A4E6B400CB8476 /* DataModel */,
			);
			path = Database;
			sourceTree = "<group>";
		};
		3B7CC0FF24A4E6B400CB8476 /* DataModel */ = {
			isa = PBXGroup;
			children = (
				3B6FB351247D7FD1002865DF /* iCrypto.xcdatamodeld */,
			);
			path = DataModel;
			sourceTree = "<group>";
		};
		3B7CC10224A4E6B400CB8476 /* UserDefault */ = {
			isa = PBXGroup;
			children = (
				3B7CC10324A4E6B400CB8476 /* UserDefaultService.swift */,
				3B7CC10424A4E6B400CB8476 /* UserDefaultPropertiesWrapper.swift */,
			);
			path = UserDefault;
			sourceTree = "<group>";
		};
		3B7CC10524A4E6B400CB8476 /* Base */ = {
			isa = PBXGroup;
			children = (
				3B7CC10624A4E6B400CB8476 /* BaseViewController.swift */,
				3B7CC10724A4E6B400CB8476 /* BaseTableViewCell.swift */,
				3B7CC10824A4E6B400CB8476 /* BaseCollectionViewCell.swift */,
				3B7CC10924A4E6B400CB8476 /* BaseUILabel.swift */,
			);
			path = Base;
			sourceTree = "<group>";
		};
		3B7CC13924A4E6C400CB8476 /* Modules */ = {
			isa = PBXGroup;
			children = (
				3BC800FD24FD4D5B00CB39FB /* ListCurrenciesTicker */,
				3B7CC16924A4FAC100CB8476 /* Charts */,
			);
			path = Modules;
			sourceTree = "<group>";
		};
		3B7CC13A24A4E6DA00CB8476 /* Resources */ = {
			isa = PBXGroup;
			children = (
				3B7CC13F24A4EC1200CB8476 /* R.generated.swift */,
				3B6FB354247D7FD2002865DF /* Assets.xcassets */,
				3B7CC13B24A4E6EE00CB8476 /* Colors.xcassets */,
			);
			path = Resources;
			sourceTree = "<group>";
		};
		3B7CC13D24A4E6FC00CB8476 /* SupportingFiles */ = {
			isa = PBXGroup;
			children = (
				3B6FB356247D7FD2002865DF /* LaunchScreen.storyboard */,
				3B6FB359247D7FD2002865DF /* Info.plist */,
			);
			path = SupportingFiles;
			sourceTree = "<group>";
		};
		3B7CC13E24A4E71C00CB8476 /* Database */ = {
			isa = PBXGroup;
			children = (
			);
			path = Database;
			sourceTree = "<group>";
		};
		3B7CC16924A4FAC100CB8476 /* Charts */ = {
			isa = PBXGroup;
			children = (
				3B7CC16A24A4FAD000CB8476 /* Charts.storyboard */,
				3B7CC16B24A4FAD000CB8476 /* ChartsInterfaces.swift */,
				3B7CC16C24A4FAD000CB8476 /* ChartsPresenter.swift */,
				3B7CC16D24A4FAD000CB8476 /* ChartsViewController.swift */,
				3B7CC16E24A4FAD000CB8476 /* ChartsFormatter.swift */,
				3B7CC16F24A4FAD000CB8476 /* ChartsInteractor.swift */,
				3B7CC17024A4FAD000CB8476 /* ChartsWireframe.swift */,
			);
			path = Charts;
			sourceTree = "<group>";
		};
		3BC800F424FD3E5100CB39FB /* Wallet */ = {
			isa = PBXGroup;
			children = (
				3BC800F524FD41AF00CB39FB /* CurrenciesTicker.swift */,
			);
			path = Wallet;
			sourceTree = "<group>";
		};
		3BC800FD24FD4D5B00CB39FB /* ListCurrenciesTicker */ = {
			isa = PBXGroup;
			children = (
				3B48693224FD4E37004D4F5D /* ListCurrenciesTicker.storyboard */,
				3B48693324FD4E37004D4F5D /* ListCurrenciesTickerInterfaces.swift */,
				3B48693424FD4E37004D4F5D /* ListCurrenciesTickerPresenter.swift */,
				3B48693524FD4E37004D4F5D /* ListCurrenciesTickerViewController.swift */,
				3B48693624FD4E37004D4F5D /* ListCurrenciesTickerInteractor.swift */,
				3B48693724FD4E37004D4F5D /* ListCurrenciesTickerWireframe.swift */,
			);
			path = ListCurrenciesTicker;
			sourceTree = "<group>";
		};
/* End PBXGroup section */

/* Begin PBXNativeTarget section */
		3B6FB344247D7FD1002865DF /* iCrypto */ = {
			isa = PBXNativeTarget;
			buildConfigurationList = 3B6FB367247D7FD2002865DF /* Build configuration list for PBXNativeTarget "iCrypto" */;
			buildPhases = (
				3B7CC0BD24A4E22F00CB8476 /* R.swift */,
				3B7CC0BF24A4E2A900CB8476 /* Swiftlint */,
				3B6FB341247D7FD1002865DF /* Sources */,
				3B6FB342247D7FD1002865DF /* Frameworks */,
				3B6FB343247D7FD1002865DF /* Resources */,
				3B7CC0BE24A4E26000CB8476 /* Carthage */,
			);
			buildRules = (
			);
			dependencies = (
			);
			name = iCrypto;
			packageProductDependencies = (
				3BBAF13324F40A7400FC198F /* RxSwiftExt */,
				3BBAF13524F40A7400FC198F /* Rswift */,
				3BBAF13724F40A7400FC198F /* SwiftRichString */,
				3BBAF13924F40A7400FC198F /* SnapKit */,
				3BBAF13B24F40A7400FC198F /* DevelopKits */,
				3BBAF13D24F40A7400FC198F /* RequestKits */,
				3B48693F24FD53B2004D4F5D /* SwifterSwift */,
			);
			productName = iCrypto;
			productReference = 3B6FB345247D7FD1002865DF /* iCrypto.app */;
			productType = "com.apple.product-type.application";
		};
		3B6FB35D247D7FD2002865DF /* iCryptoTests */ = {
			isa = PBXNativeTarget;
			buildConfigurationList = 3B6FB36A247D7FD2002865DF /* Build configuration list for PBXNativeTarget "iCryptoTests" */;
			buildPhases = (
				3B6FB35A247D7FD2002865DF /* Sources */,
				3B6FB35B247D7FD2002865DF /* Frameworks */,
				3B6FB35C247D7FD2002865DF /* Resources */,
			);
			buildRules = (
			);
			dependencies = (
				3B6FB360247D7FD2002865DF /* PBXTargetDependency */,
			);
			name = iCryptoTests;
			productName = iCryptoTests;
			productReference = 3B6FB35E247D7FD2002865DF /* iCryptoTests.xctest */;
			productType = "com.apple.product-type.bundle.unit-test";
		};
/* End PBXNativeTarget section */

/* Begin PBXProject section */
		3B6FB33D247D7FD1002865DF /* Project object */ = {
			isa = PBXProject;
			attributes = {
				LastSwiftUpdateCheck = 1150;
				LastUpgradeCheck = 1150;
				ORGANIZATIONNAME = "Nghia Nguyen";
				TargetAttributes = {
					3B6FB344247D7FD1002865DF = {
						CreatedOnToolsVersion = 11.5;
					};
					3B6FB35D247D7FD2002865DF = {
						CreatedOnToolsVersion = 11.5;
						TestTargetID = 3B6FB344247D7FD1002865DF;
					};
				};
			};
			buildConfigurationList = 3B6FB340247D7FD1002865DF /* Build configuration list for PBXProject "iCrypto" */;
			compatibilityVersion = "Xcode 9.3";
			developmentRegion = en;
			hasScannedForEncodings = 0;
			knownRegions = (
				en,
				Base,
			);
			mainGroup = 3B6FB33C247D7FD1002865DF;
			packageReferences = (
				3B7CC0A124A4E0AB00CB8476 /* XCRemoteSwiftPackageReference "RxSwiftExt" */,
				3B7CC0A724A4E18B00CB8476 /* XCRemoteSwiftPackageReference "R.swift" */,
				3B7CC0B724A4E1FA00CB8476 /* XCRemoteSwiftPackageReference "SwiftRichString" */,
				3B7CC0BA24A4E21B00CB8476 /* XCRemoteSwiftPackageReference "SnapKit" */,
				3BBAF12D24F401B800FC198F /* XCRemoteSwiftPackageReference "DevelopKits" */,
				3BBAF13024F4093B00FC198F /* XCRemoteSwiftPackageReference "RequestKits" */,
				3B48693E24FD53B2004D4F5D /* XCRemoteSwiftPackageReference "SwifterSwift" */,
			);
			productRefGroup = 3B6FB346247D7FD1002865DF /* Products */;
			projectDirPath = "";
			projectRoot = "";
			targets = (
				3B6FB344247D7FD1002865DF /* iCrypto */,
				3B6FB35D247D7FD2002865DF /* iCryptoTests */,
			);
		};
/* End PBXProject section */

/* Begin PBXResourcesBuildPhase section */
		3B6FB343247D7FD1002865DF /* Resources */ = {
			isa = PBXResourcesBuildPhase;
			buildActionMask = 2147483647;
			files = (
				3B7CC13C24A4E6EE00CB8476 /* Colors.xcassets in Resources */,
				3B48693824FD4E37004D4F5D /* ListCurrenciesTicker.storyboard in Resources */,
				3B7CC17124A4FAD000CB8476 /* Charts.storyboard in Resources */,
				3B6FB358247D7FD2002865DF /* LaunchScreen.storyboard in Resources */,
				3B6FB355247D7FD2002865DF /* Assets.xcassets in Resources */,
			);
			runOnlyForDeploymentPostprocessing = 0;
		};
		3B6FB35C247D7FD2002865DF /* Resources */ = {
			isa = PBXResourcesBuildPhase;
			buildActionMask = 2147483647;
			files = (
			);
			runOnlyForDeploymentPostprocessing = 0;
		};
/* End PBXResourcesBuildPhase section */

/* Begin PBXShellScriptBuildPhase section */
		3B7CC0BD24A4E22F00CB8476 /* R.swift */ = {
			isa = PBXShellScriptBuildPhase;
			buildActionMask = 2147483647;
			files = (
			);
			inputFileListPaths = (
			);
			inputPaths = (
				"$TEMP_DIR/rswift-lastrun",
			);
			name = R.swift;
			outputFileListPaths = (
			);
			outputPaths = (
				$SRCROOT/Generated/R.generated.swift,
			);
			runOnlyForDeploymentPostprocessing = 0;
			shellPath = /bin/sh;
			shellScript = "\"$SRCROOT/rswift\" generate \"$SRCROOT/Generated/R.generated.swift\"\n";
		};
		3B7CC0BE24A4E26000CB8476 /* Carthage */ = {
			isa = PBXShellScriptBuildPhase;
			buildActionMask = 2147483647;
			files = (
			);
			inputFileListPaths = (
				"$(SRCROOT)/input.xcfilelist",
			);
			inputPaths = (
			);
			name = Carthage;
			outputFileListPaths = (
				"$(SRCROOT)/output.xcfilelist",
			);
			outputPaths = (
			);
			runOnlyForDeploymentPostprocessing = 0;
			shellPath = /bin/sh;
			shellScript = "/usr/local/bin/carthage copy-frameworks\n";
		};
		3B7CC0BF24A4E2A900CB8476 /* Swiftlint */ = {
			isa = PBXShellScriptBuildPhase;
			buildActionMask = 2147483647;
			files = (
			);
			inputFileListPaths = (
			);
			inputPaths = (
			);
			name = Swiftlint;
			outputFileListPaths = (
			);
			outputPaths = (
			);
			runOnlyForDeploymentPostprocessing = 0;
			shellPath = /bin/sh;
			shellScript = "if which swiftlint >/dev/null; then\n    swiftlint\nelse\n  echo \"warning: SwiftLint not installed, download from https://github.com/realm/SwiftLint\"\nfi\n";
		};
/* End PBXShellScriptBuildPhase section */

/* Begin PBXSourcesBuildPhase section */
		3B6FB341247D7FD1002865DF /* Sources */ = {
			isa = PBXSourcesBuildPhase;
			buildActionMask = 2147483647;
			files = (
				3B7CC11924A4E6B400CB8476 /* NavigationBarVisible.swift in Sources */,
				3B7CC17424A4FAD000CB8476 /* ChartsViewController.swift in Sources */,
				3B7CC17624A4FAD000CB8476 /* ChartsInteractor.swift in Sources */,
				3B7CC11824A4E6B400CB8476 /* AppFont.swift in Sources */,
				3B7CC14224A4F50D00CB8476 /* Log.swift in Sources */,
				3B7CC17724A4FAD000CB8476 /* ChartsWireframe.swift in Sources */,
				3B6FB353247D7FD1002865DF /* iCrypto.xcdatamodeld in Sources */,
				3B7CC11A24A4E6B400CB8476 /* HasLoadingIndicator.swift in Sources */,
				3B7CC12324A4E6B400CB8476 /* UIStoryboardExtension.swift in Sources */,
				3B7CC13824A4E6B400CB8476 /* BaseUILabel.swift in Sources */,
				3B7CC13524A4E6B400CB8476 /* BaseViewController.swift in Sources */,
				3B7CC10D24A4E6B400CB8476 /* BootApplicationService.swift in Sources */,
				3B7CC12624A4E6B400CB8476 /* InteractorInterface.swift in Sources */,
				3B7CC12924A4E6B400CB8476 /* RoundedImageView.swift in Sources */,
				3B7CC14024A4EC1200CB8476 /* R.generated.swift in Sources */,
				3B7CC10B24A4E6B400CB8476 /* CoreDataService.swift in Sources */,
				3B7CC13424A4E6B400CB8476 /* UserDefaultPropertiesWrapper.swift in Sources */,
				3B7CC12124A4E6B400CB8476 /* BaseWireframe.swift in Sources */,
				3B22A30C24FA976A00380640 /* SwiftRichString.swift in Sources */,
				3B7CC11424A4E6B400CB8476 /* CommonInitializer.swift in Sources */,
				3BC800F824FD448000CB39FB /* ErrorShowable.swift in Sources */,
				3B7CC11524A4E6B400CB8476 /* Utilities.swift in Sources */,
				3B7CC10A24A4E6B400CB8476 /* Constant.swift in Sources */,
				3B7CC17224A4FAD000CB8476 /* ChartsInterfaces.swift in Sources */,
				3B7CC12224A4E6B400CB8476 /* FormatterInterface.swift in Sources */,
				3B7CC13324A4E6B400CB8476 /* UserDefaultService.swift in Sources */,
				3B48693D24FD4E37004D4F5D /* ListCurrenciesTickerWireframe.swift in Sources */,
				3B7CC13624A4E6B400CB8476 /* BaseTableViewCell.swift in Sources */,
				3B48693B24FD4E37004D4F5D /* ListCurrenciesTickerViewController.swift in Sources */,
				3B7CC10F24A4E6B400CB8476 /* AppDelegate.swift in Sources */,
				3B7CC12524A4E6B400CB8476 /* ViewInterface.swift in Sources */,
				3B7CC11324A4E6B400CB8476 /* NetworkInitializer.swift in Sources */,
				3B7CC11D24A4E6B400CB8476 /* UIButton.swift in Sources */,
				3BC800F624FD41AF00CB39FB /* CurrenciesTicker.swift in Sources */,
				3B7CC12724A4E6B400CB8476 /* RoundShadowView.swift in Sources */,
				3B7CC12A24A4E6B400CB8476 /* LoadingView.swift in Sources */,
				3B7CC10E24A4E6B400CB8476 /* ApplicationService.swift in Sources */,
				3B48693924FD4E37004D4F5D /* ListCurrenciesTickerInterfaces.swift in Sources */,
				3B7CC11224A4E6B400CB8476 /* LoggerInitializer.swift in Sources */,
				3B7CC11E24A4E6B400CB8476 /* UIViewController.swift in Sources */,
				3B7CC11724A4E6B400CB8476 /* BaseXibView.swift in Sources */,
				3B7CC12424A4E6B400CB8476 /* PresenterInterface.swift in Sources */,
				3B7CC11F24A4E6B400CB8476 /* UINavigationController.swift in Sources */,
				3B7CC17324A4FAD000CB8476 /* ChartsPresenter.swift in Sources */,
				3B7CC10C24A4E6B400CB8476 /* PluggableApplicationDelegate.swift in Sources */,
				3B22A30E24FA990700380640 /* ThemeInitializer.swift in Sources */,
				3B7CC11124A4E6B400CB8476 /* CrashReporterInitializer.swift in Sources */,
				3B7CC17524A4FAD000CB8476 /* ChartsFormatter.swift in Sources */,
				3B7CC11624A4E6B400CB8476 /* typealias.swift in Sources */,
				3B48693C24FD4E37004D4F5D /* ListCurrenciesTickerInteractor.swift in Sources */,
				3B7CC13724A4E6B400CB8476 /* BaseCollectionViewCell.swift in Sources */,
				3B7CC11B24A4E6B400CB8476 /* NSObject.swift in Sources */,
				3B7CC12D24A4E6B400CB8476 /* APIErrorResponse.swift in Sources */,
				3B7CC12F24A4E6B400CB8476 /* APIListResponse.swift in Sources */,
				3B7CC11024A4E6B400CB8476 /* Initializable.swift in Sources */,
				3B7CC11C24A4E6B400CB8476 /* Encodable.swift in Sources */,
				3B7CC12E24A4E6B400CB8476 /* APIResponse.swift in Sources */,
				3B48693A24FD4E37004D4F5D /* ListCurrenciesTickerPresenter.swift in Sources */,
			);
			runOnlyForDeploymentPostprocessing = 0;
		};
		3B6FB35A247D7FD2002865DF /* Sources */ = {
			isa = PBXSourcesBuildPhase;
			buildActionMask = 2147483647;
			files = (
			);
			runOnlyForDeploymentPostprocessing = 0;
		};
/* End PBXSourcesBuildPhase section */

/* Begin PBXTargetDependency section */
		3B6FB360247D7FD2002865DF /* PBXTargetDependency */ = {
			isa = PBXTargetDependency;
			target = 3B6FB344247D7FD1002865DF /* iCrypto */;
			targetProxy = 3B6FB35F247D7FD2002865DF /* PBXContainerItemProxy */;
		};
/* End PBXTargetDependency section */

/* Begin PBXVariantGroup section */
		3B6FB356247D7FD2002865DF /* LaunchScreen.storyboard */ = {
			isa = PBXVariantGroup;
			children = (
				3B6FB357247D7FD2002865DF /* Base */,
			);
			name = LaunchScreen.storyboard;
			sourceTree = "<group>";
		};
/* End PBXVariantGroup section */

/* Begin XCBuildConfiguration section */
		3B6FB365247D7FD2002865DF /* Debug */ = {
			isa = XCBuildConfiguration;
			buildSettings = {
				ALWAYS_SEARCH_USER_PATHS = NO;
				CLANG_ANALYZER_NONNULL = YES;
				CLANG_ANALYZER_NUMBER_OBJECT_CONVERSION = YES_AGGRESSIVE;
				CLANG_CXX_LANGUAGE_STANDARD = "gnu++14";
				CLANG_CXX_LIBRARY = "libc++";
				CLANG_ENABLE_MODULES = YES;
				CLANG_ENABLE_OBJC_ARC = YES;
				CLANG_ENABLE_OBJC_WEAK = YES;
				CLANG_WARN_BLOCK_CAPTURE_AUTORELEASING = YES;
				CLANG_WARN_BOOL_CONVERSION = YES;
				CLANG_WARN_COMMA = YES;
				CLANG_WARN_CONSTANT_CONVERSION = YES;
				CLANG_WARN_DEPRECATED_OBJC_IMPLEMENTATIONS = YES;
				CLANG_WARN_DIRECT_OBJC_ISA_USAGE = YES_ERROR;
				CLANG_WARN_DOCUMENTATION_COMMENTS = YES;
				CLANG_WARN_EMPTY_BODY = YES;
				CLANG_WARN_ENUM_CONVERSION = YES;
				CLANG_WARN_INFINITE_RECURSION = YES;
				CLANG_WARN_INT_CONVERSION = YES;
				CLANG_WARN_NON_LITERAL_NULL_CONVERSION = YES;
				CLANG_WARN_OBJC_IMPLICIT_RETAIN_SELF = YES;
				CLANG_WARN_OBJC_LITERAL_CONVERSION = YES;
				CLANG_WARN_OBJC_ROOT_CLASS = YES_ERROR;
				CLANG_WARN_RANGE_LOOP_ANALYSIS = YES;
				CLANG_WARN_STRICT_PROTOTYPES = YES;
				CLANG_WARN_SUSPICIOUS_MOVE = YES;
				CLANG_WARN_UNGUARDED_AVAILABILITY = YES_AGGRESSIVE;
				CLANG_WARN_UNREACHABLE_CODE = YES;
				CLANG_WARN__DUPLICATE_METHOD_MATCH = YES;
				COPY_PHASE_STRIP = NO;
				DEBUG_INFORMATION_FORMAT = dwarf;
				ENABLE_STRICT_OBJC_MSGSEND = YES;
				ENABLE_TESTABILITY = YES;
				GCC_C_LANGUAGE_STANDARD = gnu11;
				GCC_DYNAMIC_NO_PIC = NO;
				GCC_NO_COMMON_BLOCKS = YES;
				GCC_OPTIMIZATION_LEVEL = 0;
				GCC_PREPROCESSOR_DEFINITIONS = (
					"DEBUG=1",
					"$(inherited)",
				);
				GCC_WARN_64_TO_32_BIT_CONVERSION = YES;
				GCC_WARN_ABOUT_RETURN_TYPE = YES_ERROR;
				GCC_WARN_UNDECLARED_SELECTOR = YES;
				GCC_WARN_UNINITIALIZED_AUTOS = YES_AGGRESSIVE;
				GCC_WARN_UNUSED_FUNCTION = YES;
				GCC_WARN_UNUSED_VARIABLE = YES;
				IPHONEOS_DEPLOYMENT_TARGET = 11.0;
				MTL_ENABLE_DEBUG_INFO = INCLUDE_SOURCE;
				MTL_FAST_MATH = YES;
				ONLY_ACTIVE_ARCH = YES;
				SDKROOT = iphoneos;
				SWIFT_ACTIVE_COMPILATION_CONDITIONS = DEBUG;
				SWIFT_OPTIMIZATION_LEVEL = "-Onone";
			};
			name = Debug;
		};
		3B6FB366247D7FD2002865DF /* Release */ = {
			isa = XCBuildConfiguration;
			buildSettings = {
				ALWAYS_SEARCH_USER_PATHS = NO;
				CLANG_ANALYZER_NONNULL = YES;
				CLANG_ANALYZER_NUMBER_OBJECT_CONVERSION = YES_AGGRESSIVE;
				CLANG_CXX_LANGUAGE_STANDARD = "gnu++14";
				CLANG_CXX_LIBRARY = "libc++";
				CLANG_ENABLE_MODULES = YES;
				CLANG_ENABLE_OBJC_ARC = YES;
				CLANG_ENABLE_OBJC_WEAK = YES;
				CLANG_WARN_BLOCK_CAPTURE_AUTORELEASING = YES;
				CLANG_WARN_BOOL_CONVERSION = YES;
				CLANG_WARN_COMMA = YES;
				CLANG_WARN_CONSTANT_CONVERSION = YES;
				CLANG_WARN_DEPRECATED_OBJC_IMPLEMENTATIONS = YES;
				CLANG_WARN_DIRECT_OBJC_ISA_USAGE = YES_ERROR;
				CLANG_WARN_DOCUMENTATION_COMMENTS = YES;
				CLANG_WARN_EMPTY_BODY = YES;
				CLANG_WARN_ENUM_CONVERSION = YES;
				CLANG_WARN_INFINITE_RECURSION = YES;
				CLANG_WARN_INT_CONVERSION = YES;
				CLANG_WARN_NON_LITERAL_NULL_CONVERSION = YES;
				CLANG_WARN_OBJC_IMPLICIT_RETAIN_SELF = YES;
				CLANG_WARN_OBJC_LITERAL_CONVERSION = YES;
				CLANG_WARN_OBJC_ROOT_CLASS = YES_ERROR;
				CLANG_WARN_RANGE_LOOP_ANALYSIS = YES;
				CLANG_WARN_STRICT_PROTOTYPES = YES;
				CLANG_WARN_SUSPICIOUS_MOVE = YES;
				CLANG_WARN_UNGUARDED_AVAILABILITY = YES_AGGRESSIVE;
				CLANG_WARN_UNREACHABLE_CODE = YES;
				CLANG_WARN__DUPLICATE_METHOD_MATCH = YES;
				COPY_PHASE_STRIP = NO;
				DEBUG_INFORMATION_FORMAT = "dwarf-with-dsym";
				ENABLE_NS_ASSERTIONS = NO;
				ENABLE_STRICT_OBJC_MSGSEND = YES;
				GCC_C_LANGUAGE_STANDARD = gnu11;
				GCC_NO_COMMON_BLOCKS = YES;
				GCC_WARN_64_TO_32_BIT_CONVERSION = YES;
				GCC_WARN_ABOUT_RETURN_TYPE = YES_ERROR;
				GCC_WARN_UNDECLARED_SELECTOR = YES;
				GCC_WARN_UNINITIALIZED_AUTOS = YES_AGGRESSIVE;
				GCC_WARN_UNUSED_FUNCTION = YES;
				GCC_WARN_UNUSED_VARIABLE = YES;
				IPHONEOS_DEPLOYMENT_TARGET = 11.0;
				MTL_ENABLE_DEBUG_INFO = NO;
				MTL_FAST_MATH = YES;
				SDKROOT = iphoneos;
				SWIFT_COMPILATION_MODE = wholemodule;
				SWIFT_OPTIMIZATION_LEVEL = "-O";
				VALIDATE_PRODUCT = YES;
			};
			name = Release;
		};
		3B6FB368247D7FD2002865DF /* Debug */ = {
			isa = XCBuildConfiguration;
			buildSettings = {
				ASSETCATALOG_COMPILER_APPICON_NAME = AppIcon;
				CODE_SIGN_STYLE = Automatic;
				DEVELOPMENT_TEAM = KY6PD94UM5;
				FRAMEWORK_SEARCH_PATHS = (
					"$(inherited)",
					"$(PROJECT_DIR)/Carthage/Build/iOS",
				);
				INFOPLIST_FILE = "$(SRCROOT)/iCrypto/SupportingFiles/Info.plist";
				IPHONEOS_DEPLOYMENT_TARGET = 11.0;
				LD_RUNPATH_SEARCH_PATHS = (
					"$(inherited)",
					"@executable_path/Frameworks",
				);
				PRODUCT_BUNDLE_IDENTIFIER = com.quangnghiadev.iCrypto;
				PRODUCT_NAME = "$(TARGET_NAME)";
				SWIFT_VERSION = 5.0;
				TARGETED_DEVICE_FAMILY = 1;
			};
			name = Debug;
		};
		3B6FB369247D7FD2002865DF /* Release */ = {
			isa = XCBuildConfiguration;
			buildSettings = {
				ASSETCATALOG_COMPILER_APPICON_NAME = AppIcon;
				CODE_SIGN_STYLE = Automatic;
				DEVELOPMENT_TEAM = KY6PD94UM5;
				FRAMEWORK_SEARCH_PATHS = (
					"$(inherited)",
					"$(PROJECT_DIR)/Carthage/Build/iOS",
				);
				INFOPLIST_FILE = "$(SRCROOT)/iCrypto/SupportingFiles/Info.plist";
				IPHONEOS_DEPLOYMENT_TARGET = 11.0;
				LD_RUNPATH_SEARCH_PATHS = (
					"$(inherited)",
					"@executable_path/Frameworks",
				);
				PRODUCT_BUNDLE_IDENTIFIER = com.quangnghiadev.iCrypto;
				PRODUCT_NAME = "$(TARGET_NAME)";
				SWIFT_VERSION = 5.0;
				TARGETED_DEVICE_FAMILY = 1;
			};
			name = Release;
		};
		3B6FB36B247D7FD2002865DF /* Debug */ = {
			isa = XCBuildConfiguration;
			buildSettings = {
				ALWAYS_EMBED_SWIFT_STANDARD_LIBRARIES = YES;
				BUNDLE_LOADER = "$(TEST_HOST)";
				CODE_SIGN_STYLE = Automatic;
				DEVELOPMENT_TEAM = KY6PD94UM5;
				INFOPLIST_FILE = iCryptoTests/Info.plist;
				IPHONEOS_DEPLOYMENT_TARGET = 13.5;
				LD_RUNPATH_SEARCH_PATHS = (
					"$(inherited)",
					"@executable_path/Frameworks",
					"@loader_path/Frameworks",
				);
				PRODUCT_BUNDLE_IDENTIFIER = com.quangnghiadev.iCryptoTests;
				PRODUCT_NAME = "$(TARGET_NAME)";
				SWIFT_VERSION = 5.0;
				TARGETED_DEVICE_FAMILY = "1,2";
				TEST_HOST = "$(BUILT_PRODUCTS_DIR)/iCrypto.app/iCrypto";
			};
			name = Debug;
		};
		3B6FB36C247D7FD2002865DF /* Release */ = {
			isa = XCBuildConfiguration;
			buildSettings = {
				ALWAYS_EMBED_SWIFT_STANDARD_LIBRARIES = YES;
				BUNDLE_LOADER = "$(TEST_HOST)";
				CODE_SIGN_STYLE = Automatic;
				DEVELOPMENT_TEAM = KY6PD94UM5;
				INFOPLIST_FILE = iCryptoTests/Info.plist;
				IPHONEOS_DEPLOYMENT_TARGET = 13.5;
				LD_RUNPATH_SEARCH_PATHS = (
					"$(inherited)",
					"@executable_path/Frameworks",
					"@loader_path/Frameworks",
				);
				PRODUCT_BUNDLE_IDENTIFIER = com.quangnghiadev.iCryptoTests;
				PRODUCT_NAME = "$(TARGET_NAME)";
				SWIFT_VERSION = 5.0;
				TARGETED_DEVICE_FAMILY = "1,2";
				TEST_HOST = "$(BUILT_PRODUCTS_DIR)/iCrypto.app/iCrypto";
			};
			name = Release;
		};
/* End XCBuildConfiguration section */

/* Begin XCConfigurationList section */
		3B6FB340247D7FD1002865DF /* Build configuration list for PBXProject "iCrypto" */ = {
			isa = XCConfigurationList;
			buildConfigurations = (
				3B6FB365247D7FD2002865DF /* Debug */,
				3B6FB366247D7FD2002865DF /* Release */,
			);
			defaultConfigurationIsVisible = 0;
			defaultConfigurationName = Release;
		};
		3B6FB367247D7FD2002865DF /* Build configuration list for PBXNativeTarget "iCrypto" */ = {
			isa = XCConfigurationList;
			buildConfigurations = (
				3B6FB368247D7FD2002865DF /* Debug */,
				3B6FB369247D7FD2002865DF /* Release */,
			);
			defaultConfigurationIsVisible = 0;
			defaultConfigurationName = Release;
		};
		3B6FB36A247D7FD2002865DF /* Build configuration list for PBXNativeTarget "iCryptoTests" */ = {
			isa = XCConfigurationList;
			buildConfigurations = (
				3B6FB36B247D7FD2002865DF /* Debug */,
				3B6FB36C247D7FD2002865DF /* Release */,
			);
			defaultConfigurationIsVisible = 0;
			defaultConfigurationName = Release;
		};
/* End XCConfigurationList section */

/* Begin XCRemoteSwiftPackageReference section */
		3B48693E24FD53B2004D4F5D /* XCRemoteSwiftPackageReference "SwifterSwift" */ = {
			isa = XCRemoteSwiftPackageReference;
			repositoryURL = "https://github.com/SwifterSwift/SwifterSwift";
			requirement = {
				kind = upToNextMajorVersion;
				minimumVersion = 5.2.0;
			};
		};
		3B7CC0A124A4E0AB00CB8476 /* XCRemoteSwiftPackageReference "RxSwiftExt" */ = {
			isa = XCRemoteSwiftPackageReference;
			repositoryURL = "https://github.com/RxSwiftCommunity/RxSwiftExt";
			requirement = {
				kind = upToNextMajorVersion;
				minimumVersion = 5.2.0;
			};
		};
		3B7CC0A724A4E18B00CB8476 /* XCRemoteSwiftPackageReference "R.swift" */ = {
			isa = XCRemoteSwiftPackageReference;
			repositoryURL = "https://github.com/mac-cain13/R.swift.Library";
			requirement = {
				kind = upToNextMajorVersion;
				minimumVersion = 5.2.0;
			};
		};
		3B7CC0B724A4E1FA00CB8476 /* XCRemoteSwiftPackageReference "SwiftRichString" */ = {
			isa = XCRemoteSwiftPackageReference;
			repositoryURL = "https://github.com/malcommac/SwiftRichString.git";
			requirement = {
				kind = upToNextMajorVersion;
				minimumVersion = 3.7.1;
			};
		};
		3B7CC0BA24A4E21B00CB8476 /* XCRemoteSwiftPackageReference "SnapKit" */ = {
			isa = XCRemoteSwiftPackageReference;
			repositoryURL = "https://github.com/SnapKit/SnapKit";
			requirement = {
				kind = upToNextMajorVersion;
				minimumVersion = 5.0.1;
			};
		};
		3BBAF12D24F401B800FC198F /* XCRemoteSwiftPackageReference "DevelopKits" */ = {
			isa = XCRemoteSwiftPackageReference;
			repositoryURL = "https://github.com/nghiadev95/DevelopKits";
			requirement = {
				branch = master;
				kind = branch;
			};
		};
		3BBAF13024F4093B00FC198F /* XCRemoteSwiftPackageReference "RequestKits" */ = {
			isa = XCRemoteSwiftPackageReference;
			repositoryURL = "https://github.com/nghiadev95/RequestKits";
			requirement = {
				branch = master;
				kind = branch;
			};
		};
/* End XCRemoteSwiftPackageReference section */

/* Begin XCSwiftPackageProductDependency section */
		3B48693F24FD53B2004D4F5D /* SwifterSwift */ = {
			isa = XCSwiftPackageProductDependency;
			package = 3B48693E24FD53B2004D4F5D /* XCRemoteSwiftPackageReference "SwifterSwift" */;
			productName = SwifterSwift;
		};
		3BBAF13324F40A7400FC198F /* RxSwiftExt */ = {
			isa = XCSwiftPackageProductDependency;
			package = 3B7CC0A124A4E0AB00CB8476 /* XCRemoteSwiftPackageReference "RxSwiftExt" */;
			productName = RxSwiftExt;
		};
		3BBAF13524F40A7400FC198F /* Rswift */ = {
			isa = XCSwiftPackageProductDependency;
			package = 3B7CC0A724A4E18B00CB8476 /* XCRemoteSwiftPackageReference "R.swift" */;
			productName = Rswift;
		};
		3BBAF13724F40A7400FC198F /* SwiftRichString */ = {
			isa = XCSwiftPackageProductDependency;
			package = 3B7CC0B724A4E1FA00CB8476 /* XCRemoteSwiftPackageReference "SwiftRichString" */;
			productName = SwiftRichString;
		};
		3BBAF13924F40A7400FC198F /* SnapKit */ = {
			isa = XCSwiftPackageProductDependency;
			package = 3B7CC0BA24A4E21B00CB8476 /* XCRemoteSwiftPackageReference "SnapKit" */;
			productName = SnapKit;
		};
		3BBAF13B24F40A7400FC198F /* DevelopKits */ = {
			isa = XCSwiftPackageProductDependency;
			package = 3BBAF12D24F401B800FC198F /* XCRemoteSwiftPackageReference "DevelopKits" */;
			productName = DevelopKits;
		};
		3BBAF13D24F40A7400FC198F /* RequestKits */ = {
			isa = XCSwiftPackageProductDependency;
			package = 3BBAF13024F4093B00FC198F /* XCRemoteSwiftPackageReference "RequestKits" */;
			productName = RequestKits;
		};
/* End XCSwiftPackageProductDependency section */

/* Begin XCVersionGroup section */
		3B6FB351247D7FD1002865DF /* iCrypto.xcdatamodeld */ = {
			isa = XCVersionGroup;
			children = (
				3B6FB352247D7FD1002865DF /* iCrypto.xcdatamodel */,
			);
			currentVersion = 3B6FB352247D7FD1002865DF /* iCrypto.xcdatamodel */;
			path = iCrypto.xcdatamodeld;
			sourceTree = "<group>";
			versionGroupType = wrapper.xcdatamodel;
		};
/* End XCVersionGroup section */
	};
	rootObject = 3B6FB33D247D7FD1002865DF /* Project object */;
}
