// !$*UTF8*$!
{
	archiveVersion = 1;
	classes = {
	};
	objectVersion = 50;
	objects = {

/* Begin PBXBuildFile section */
		3B6FB349247D7FD1002865DF /* AppDelegate.swift in Sources */ = {isa = PBXBuildFile; fileRef = 3B6FB348247D7FD1002865DF /* AppDelegate.swift */; };
		3B6FB34D247D7FD1002865DF /* ViewController.swift in Sources */ = {isa = PBXBuildFile; fileRef = 3B6FB34C247D7FD1002865DF /* ViewController.swift */; };
		3B6FB350247D7FD1002865DF /* Main.storyboard in Resources */ = {isa = PBXBuildFile; fileRef = 3B6FB34E247D7FD1002865DF /* Main.storyboard */; };
		3B6FB353247D7FD1002865DF /* iCrypto.xcdatamodeld in Sources */ = {isa = PBXBuildFile; fileRef = 3B6FB351247D7FD1002865DF /* iCrypto.xcdatamodeld */; };
		3B6FB355247D7FD2002865DF /* Assets.xcassets in Resources */ = {isa = PBXBuildFile; fileRef = 3B6FB354247D7FD2002865DF /* Assets.xcassets */; };
		3B6FB358247D7FD2002865DF /* LaunchScreen.storyboard in Resources */ = {isa = PBXBuildFile; fileRef = 3B6FB356247D7FD2002865DF /* LaunchScreen.storyboard */; };
		3B6FB363247D7FD2002865DF /* iCryptoTests.swift in Sources */ = {isa = PBXBuildFile; fileRef = 3B6FB362247D7FD2002865DF /* iCryptoTests.swift */; };
/* End PBXBuildFile section */

/* Begin PBXContainerItemProxy section */
		3B6FB35F247D7FD2002865DF /* PBXContainerItemProxy */ = {
			isa = PBXContainerItemProxy;
			containerPortal = 3B6FB33D247D7FD1002865DF /* Project object */;
			proxyType = 1;
			remoteGlobalIDString = 3B6FB344247D7FD1002865DF;
			remoteInfo = iCrypto;
		};
/* End PBXContainerItemProxy section */

/* Begin PBXFileReference section */
		3B6FB345247D7FD1002865DF /* iCrypto.app */ = {isa = PBXFileReference; explicitFileType = wrapper.application; includeInIndex = 0; path = iCrypto.app; sourceTree = BUILT_PRODUCTS_DIR; };
		3B6FB348247D7FD1002865DF /* AppDelegate.swift */ = {isa = PBXFileReference; lastKnownFileType = sourcecode.swift; path = AppDelegate.swift; sourceTree = "<group>"; };
		3B6FB34C247D7FD1002865DF /* ViewController.swift */ = {isa = PBXFileReference; lastKnownFileType = sourcecode.swift; path = ViewController.swift; sourceTree = "<group>"; };
		3B6FB34F247D7FD1002865DF /* Base */ = {isa = PBXFileReference; lastKnownFileType = file.storyboard; name = Base; path = Base.lproj/Main.storyboard; sourceTree = "<group>"; };
		3B6FB352247D7FD1002865DF /* iCrypto.xcdatamodel */ = {isa = PBXFileReference; lastKnownFileType = wrapper.xcdatamodel; path = iCrypto.xcdatamodel; sourceTree = "<group>"; };
		3B6FB354247D7FD2002865DF /* Assets.xcassets */ = {isa = PBXFileReference; lastKnownFileType = folder.assetcatalog; path = Assets.xcassets; sourceTree = "<group>"; };
		3B6FB357247D7FD2002865DF /* Base */ = {isa = PBXFileReference; lastKnownFileType = file.storyboard; name = Base; path = Base.lproj/LaunchScreen.storyboard; sourceTree = "<group>"; };
		3B6FB359247D7FD2002865DF /* Info.plist */ = {isa = PBXFileReference; lastKnownFileType = text.plist.xml; path = Info.plist; sourceTree = "<group>"; };
		3B6FB35E247D7FD2002865DF /* iCryptoTests.xctest */ = {isa = PBXFileReference; explicitFileType = wrapper.cfbundle; includeInIndex = 0; path = iCryptoTests.xctest; sourceTree = BUILT_PRODUCTS_DIR; };
		3B6FB362247D7FD2002865DF /* iCryptoTests.swift */ = {isa = PBXFileReference; lastKnownFileType = sourcecode.swift; path = iCryptoTests.swift; sourceTree = "<group>"; };
		3B6FB364247D7FD2002865DF /* Info.plist */ = {isa = PBXFileReference; lastKnownFileType = text.plist.xml; path = Info.plist; sourceTree = "<group>"; };
/* End PBXFileReference section */

/* Begin PBXFrameworksBuildPhase section */
		3B6FB342247D7FD1002865DF /* Frameworks */ = {
			isa = PBXFrameworksBuildPhase;
			buildActionMask = 2147483647;
			files = (
			);
			runOnlyForDeploymentPostprocessing = 0;
		};
		3B6FB35B247D7FD2002865DF /* Frameworks */ = {
			isa = PBXFrameworksBuildPhase;
			buildActionMask = 2147483647;
			files = (
			);
			runOnlyForDeploymentPostprocessing = 0;
		};
/* End PBXFrameworksBuildPhase section */

/* Begin PBXGroup section */
		3B6FB33C247D7FD1002865DF = {
			isa = PBXGroup;
			children = (
				3B6FB347247D7FD1002865DF /* iCrypto */,
				3B6FB361247D7FD2002865DF /* iCryptoTests */,
				3B6FB346247D7FD1002865DF /* Products */,
			);
			sourceTree = "<group>";
		};
		3B6FB346247D7FD1002865DF /* Products */ = {
			isa = PBXGroup;
			children = (
				3B6FB345247D7FD1002865DF /* iCrypto.app */,
				3B6FB35E247D7FD2002865DF /* iCryptoTests.xctest */,
			);
			name = Products;
			sourceTree = "<group>";
		};
		3B6FB347247D7FD1002865DF /* iCrypto */ = {
			isa = PBXGroup;
			children = (
				3B6FB348247D7FD1002865DF /* AppDelegate.swift */,
				3B6FB34C247D7FD1002865DF /* ViewController.swift */,
				3B6FB34E247D7FD1002865DF /* Main.storyboard */,
				3B6FB354247D7FD2002865DF /* Assets.xcassets */,
				3B6FB356247D7FD2002865DF /* LaunchScreen.storyboard */,
				3B6FB359247D7FD2002865DF /* Info.plist */,
				3B6FB351247D7FD1002865DF /* iCrypto.xcdatamodeld */,
			);
			path = iCrypto;
			sourceTree = "<group>";
		};
		3B6FB361247D7FD2002865DF /* iCryptoTests */ = {
			isa = PBXGroup;
			children = (
				3B6FB362247D7FD2002865DF /* iCryptoTests.swift */,
				3B6FB364247D7FD2002865DF /* Info.plist */,
			);
			path = iCryptoTests;
			sourceTree = "<group>";
		};
/* End PBXGroup section */

/* Begin PBXNativeTarget section */
		3B6FB344247D7FD1002865DF /* iCrypto */ = {
			isa = PBXNativeTarget;
			buildConfigurationList = 3B6FB367247D7FD2002865DF /* Build configuration list for PBXNativeTarget "iCrypto" */;
			buildPhases = (
				3B6FB341247D7FD1002865DF /* Sources */,
				3B6FB342247D7FD1002865DF /* Frameworks */,
				3B6FB343247D7FD1002865DF /* Resources */,
			);
			buildRules = (
			);
			dependencies = (
			);
			name = iCrypto;
			productName = iCrypto;
			productReference = 3B6FB345247D7FD1002865DF /* iCrypto.app */;
			productType = "com.apple.product-type.application";
		};
		3B6FB35D247D7FD2002865DF /* iCryptoTests */ = {
			isa = PBXNativeTarget;
			buildConfigurationList = 3B6FB36A247D7FD2002865DF /* Build configuration list for PBXNativeTarget "iCryptoTests" */;
			buildPhases = (
				3B6FB35A247D7FD2002865DF /* Sources */,
				3B6FB35B247D7FD2002865DF /* Frameworks */,
				3B6FB35C247D7FD2002865DF /* Resources */,
			);
			buildRules = (
			);
			dependencies = (
				3B6FB360247D7FD2002865DF /* PBXTargetDependency */,
			);
			name = iCryptoTests;
			productName = iCryptoTests;
			productReference = 3B6FB35E247D7FD2002865DF /* iCryptoTests.xctest */;
			productType = "com.apple.product-type.bundle.unit-test";
		};
/* End PBXNativeTarget section */

/* Begin PBXProject section */
		3B6FB33D247D7FD1002865DF /* Project object */ = {
			isa = PBXProject;
			attributes = {
				LastSwiftUpdateCheck = 1150;
				LastUpgradeCheck = 1150;
				ORGANIZATIONNAME = "Nghia Nguyen";
				TargetAttributes = {
					3B6FB344247D7FD1002865DF = {
						CreatedOnToolsVersion = 11.5;
					};
					3B6FB35D247D7FD2002865DF = {
						CreatedOnToolsVersion = 11.5;
						TestTargetID = 3B6FB344247D7FD1002865DF;
					};
				};
			};
			buildConfigurationList = 3B6FB340247D7FD1002865DF /* Build configuration list for PBXProject "iCrypto" */;
			compatibilityVersion = "Xcode 9.3";
			developmentRegion = en;
			hasScannedForEncodings = 0;
			knownRegions = (
				en,
				Base,
			);
			mainGroup = 3B6FB33C247D7FD1002865DF;
			productRefGroup = 3B6FB346247D7FD1002865DF /* Products */;
			projectDirPath = "";
			projectRoot = "";
			targets = (
				3B6FB344247D7FD1002865DF /* iCrypto */,
				3B6FB35D247D7FD2002865DF /* iCryptoTests */,
			);
		};
/* End PBXProject section */

/* Begin PBXResourcesBuildPhase section */
		3B6FB343247D7FD1002865DF /* Resources */ = {
			isa = PBXResourcesBuildPhase;
			buildActionMask = 2147483647;
			files = (
				3B6FB358247D7FD2002865DF /* LaunchScreen.storyboard in Resources */,
				3B6FB355247D7FD2002865DF /* Assets.xcassets in Resources */,
				3B6FB350247D7FD1002865DF /* Main.storyboard in Resources */,
			);
			runOnlyForDeploymentPostprocessing = 0;
		};
		3B6FB35C247D7FD2002865DF /* Resources */ = {
			isa = PBXResourcesBuildPhase;
			buildActionMask = 2147483647;
			files = (
			);
			runOnlyForDeploymentPostprocessing = 0;
		};
/* End PBXResourcesBuildPhase section */

/* Begin PBXSourcesBuildPhase section */
		3B6FB341247D7FD1002865DF /* Sources */ = {
			isa = PBXSourcesBuildPhase;
			buildActionMask = 2147483647;
			files = (
				3B6FB34D247D7FD1002865DF /* ViewController.swift in Sources */,
				3B6FB349247D7FD1002865DF /* AppDelegate.swift in Sources */,
				3B6FB353247D7FD1002865DF /* iCrypto.xcdatamodeld in Sources */,
			);
			runOnlyForDeploymentPostprocessing = 0;
		};
		3B6FB35A247D7FD2002865DF /* Sources */ = {
			isa = PBXSourcesBuildPhase;
			buildActionMask = 2147483647;
			files = (
				3B6FB363247D7FD2002865DF /* iCryptoTests.swift in Sources */,
			);
			runOnlyForDeploymentPostprocessing = 0;
		};
/* End PBXSourcesBuildPhase section */

/* Begin PBXTargetDependency section */
		3B6FB360247D7FD2002865DF /* PBXTargetDependency */ = {
			isa = PBXTargetDependency;
			target = 3B6FB344247D7FD1002865DF /* iCrypto */;
			targetProxy = 3B6FB35F247D7FD2002865DF /* PBXContainerItemProxy */;
		};
/* End PBXTargetDependency section */

/* Begin PBXVariantGroup section */
		3B6FB34E247D7FD1002865DF /* Main.storyboard */ = {
			isa = PBXVariantGroup;
			children = (
				3B6FB34F247D7FD1002865DF /* Base */,
			);
			name = Main.storyboard;
			sourceTree = "<group>";
		};
		3B6FB356247D7FD2002865DF /* LaunchScreen.storyboard */ = {
			isa = PBXVariantGroup;
			children = (
				3B6FB357247D7FD2002865DF /* Base */,
			);
			name = LaunchScreen.storyboard;
			sourceTree = "<group>";
		};
/* End PBXVariantGroup section */

/* Begin XCBuildConfiguration section */
		3B6FB365247D7FD2002865DF /* Debug */ = {
			isa = XCBuildConfiguration;
			buildSettings = {
				ALWAYS_SEARCH_USER_PATHS = NO;
				CLANG_ANALYZER_NONNULL = YES;
				CLANG_ANALYZER_NUMBER_OBJECT_CONVERSION = YES_AGGRESSIVE;
				CLANG_CXX_LANGUAGE_STANDARD = "gnu++14";
				CLANG_CXX_LIBRARY = "libc++";
				CLANG_ENABLE_MODULES = YES;
				CLANG_ENABLE_OBJC_ARC = YES;
				CLANG_ENABLE_OBJC_WEAK = YES;
				CLANG_WARN_BLOCK_CAPTURE_AUTORELEASING = YES;
				CLANG_WARN_BOOL_CONVERSION = YES;
				CLANG_WARN_COMMA = YES;
				CLANG_WARN_CONSTANT_CONVERSION = YES;
				CLANG_WARN_DEPRECATED_OBJC_IMPLEMENTATIONS = YES;
				CLANG_WARN_DIRECT_OBJC_ISA_USAGE = YES_ERROR;
				CLANG_WARN_DOCUMENTATION_COMMENTS = YES;
				CLANG_WARN_EMPTY_BODY = YES;
				CLANG_WARN_ENUM_CONVERSION = YES;
				CLANG_WARN_INFINITE_RECURSION = YES;
				CLANG_WARN_INT_CONVERSION = YES;
				CLANG_WARN_NON_LITERAL_NULL_CONVERSION = YES;
				CLANG_WARN_OBJC_IMPLICIT_RETAIN_SELF = YES;
				CLANG_WARN_OBJC_LITERAL_CONVERSION = YES;
				CLANG_WARN_OBJC_ROOT_CLASS = YES_ERROR;
				CLANG_WARN_RANGE_LOOP_ANALYSIS = YES;
				CLANG_WARN_STRICT_PROTOTYPES = YES;
				CLANG_WARN_SUSPICIOUS_MOVE = YES;
				CLANG_WARN_UNGUARDED_AVAILABILITY = YES_AGGRESSIVE;
				CLANG_WARN_UNREACHABLE_CODE = YES;
				CLANG_WARN__DUPLICATE_METHOD_MATCH = YES;
				COPY_PHASE_STRIP = NO;
				DEBUG_INFORMATION_FORMAT = dwarf;
				ENABLE_STRICT_OBJC_MSGSEND = YES;
				ENABLE_TESTABILITY = YES;
				GCC_C_LANGUAGE_STANDARD = gnu11;
				GCC_DYNAMIC_NO_PIC = NO;
				GCC_NO_COMMON_BLOCKS = YES;
				GCC_OPTIMIZATION_LEVEL = 0;
				GCC_PREPROCESSOR_DEFINITIONS = (
					"DEBUG=1",
					"$(inherited)",
				);
				GCC_WARN_64_TO_32_BIT_CONVERSION = YES;
				GCC_WARN_ABOUT_RETURN_TYPE = YES_ERROR;
				GCC_WARN_UNDECLARED_SELECTOR = YES;
				GCC_WARN_UNINITIALIZED_AUTOS = YES_AGGRESSIVE;
				GCC_WARN_UNUSED_FUNCTION = YES;
				GCC_WARN_UNUSED_VARIABLE = YES;
				IPHONEOS_DEPLOYMENT_TARGET = 13.5;
				MTL_ENABLE_DEBUG_INFO = INCLUDE_SOURCE;
				MTL_FAST_MATH = YES;
				ONLY_ACTIVE_ARCH = YES;
				SDKROOT = iphoneos;
				SWIFT_ACTIVE_COMPILATION_CONDITIONS = DEBUG;
				SWIFT_OPTIMIZATION_LEVEL = "-Onone";
			};
			name = Debug;
		};
		3B6FB366247D7FD2002865DF /* Release */ = {
			isa = XCBuildConfiguration;
			buildSettings = {
				ALWAYS_SEARCH_USER_PATHS = NO;
				CLANG_ANALYZER_NONNULL = YES;
				CLANG_ANALYZER_NUMBER_OBJECT_CONVERSION = YES_AGGRESSIVE;
				CLANG_CXX_LANGUAGE_STANDARD = "gnu++14";
				CLANG_CXX_LIBRARY = "libc++";
				CLANG_ENABLE_MODULES = YES;
				CLANG_ENABLE_OBJC_ARC = YES;
				CLANG_ENABLE_OBJC_WEAK = YES;
				CLANG_WARN_BLOCK_CAPTURE_AUTORELEASING = YES;
				CLANG_WARN_BOOL_CONVERSION = YES;
				CLANG_WARN_COMMA = YES;
				CLANG_WARN_CONSTANT_CONVERSION = YES;
				CLANG_WARN_DEPRECATED_OBJC_IMPLEMENTATIONS = YES;
				CLANG_WARN_DIRECT_OBJC_ISA_USAGE = YES_ERROR;
				CLANG_WARN_DOCUMENTATION_COMMENTS = YES;
				CLANG_WARN_EMPTY_BODY = YES;
				CLANG_WARN_ENUM_CONVERSION = YES;
				CLANG_WARN_INFINITE_RECURSION = YES;
				CLANG_WARN_INT_CONVERSION = YES;
				CLANG_WARN_NON_LITERAL_NULL_CONVERSION = YES;
				CLANG_WARN_OBJC_IMPLICIT_RETAIN_SELF = YES;
				CLANG_WARN_OBJC_LITERAL_CONVERSION = YES;
				CLANG_WARN_OBJC_ROOT_CLASS = YES_ERROR;
				CLANG_WARN_RANGE_LOOP_ANALYSIS = YES;
				CLANG_WARN_STRICT_PROTOTYPES = YES;
				CLANG_WARN_SUSPICIOUS_MOVE = YES;
				CLANG_WARN_UNGUARDED_AVAILABILITY = YES_AGGRESSIVE;
				CLANG_WARN_UNREACHABLE_CODE = YES;
				CLANG_WARN__DUPLICATE_METHOD_MATCH = YES;
				COPY_PHASE_STRIP = NO;
				DEBUG_INFORMATION_FORMAT = "dwarf-with-dsym";
				ENABLE_NS_ASSERTIONS = NO;
				ENABLE_STRICT_OBJC_MSGSEND = YES;
				GCC_C_LANGUAGE_STANDARD = gnu11;
				GCC_NO_COMMON_BLOCKS = YES;
				GCC_WARN_64_TO_32_BIT_CONVERSION = YES;
				GCC_WARN_ABOUT_RETURN_TYPE = YES_ERROR;
				GCC_WARN_UNDECLARED_SELECTOR = YES;
				GCC_WARN_UNINITIALIZED_AUTOS = YES_AGGRESSIVE;
				GCC_WARN_UNUSED_FUNCTION = YES;
				GCC_WARN_UNUSED_VARIABLE = YES;
				IPHONEOS_DEPLOYMENT_TARGET = 13.5;
				MTL_ENABLE_DEBUG_INFO = NO;
				MTL_FAST_MATH = YES;
				SDKROOT = iphoneos;
				SWIFT_COMPILATION_MODE = wholemodule;
				SWIFT_OPTIMIZATION_LEVEL = "-O";
				VALIDATE_PRODUCT = YES;
			};
			name = Release;
		};
		3B6FB368247D7FD2002865DF /* Debug */ = {
			isa = XCBuildConfiguration;
			buildSettings = {
				ASSETCATALOG_COMPILER_APPICON_NAME = AppIcon;
				CODE_SIGN_STYLE = Automatic;
				DEVELOPMENT_TEAM = KY6PD94UM5;
				INFOPLIST_FILE = iCrypto/Info.plist;
				LD_RUNPATH_SEARCH_PATHS = (
					"$(inherited)",
					"@executable_path/Frameworks",
				);
				PRODUCT_BUNDLE_IDENTIFIER = com.quangnghiadev.iCrypto;
				PRODUCT_NAME = "$(TARGET_NAME)";
				SWIFT_VERSION = 5.0;
				TARGETED_DEVICE_FAMILY = "1,2";
			};
			name = Debug;
		};
		3B6FB369247D7FD2002865DF /* Release */ = {
			isa = XCBuildConfiguration;
			buildSettings = {
				ASSETCATALOG_COMPILER_APPICON_NAME = AppIcon;
				CODE_SIGN_STYLE = Automatic;
				DEVELOPMENT_TEAM = KY6PD94UM5;
				INFOPLIST_FILE = iCrypto/Info.plist;
				LD_RUNPATH_SEARCH_PATHS = (
					"$(inherited)",
					"@executable_path/Frameworks",
				);
				PRODUCT_BUNDLE_IDENTIFIER = com.quangnghiadev.iCrypto;
				PRODUCT_NAME = "$(TARGET_NAME)";
				SWIFT_VERSION = 5.0;
				TARGETED_DEVICE_FAMILY = "1,2";
			};
			name = Release;
		};
		3B6FB36B247D7FD2002865DF /* Debug */ = {
			isa = XCBuildConfiguration;
			buildSettings = {
				ALWAYS_EMBED_SWIFT_STANDARD_LIBRARIES = YES;
				BUNDLE_LOADER = "$(TEST_HOST)";
				CODE_SIGN_STYLE = Automatic;
				DEVELOPMENT_TEAM = KY6PD94UM5;
				INFOPLIST_FILE = iCryptoTests/Info.plist;
				IPHONEOS_DEPLOYMENT_TARGET = 13.5;
				LD_RUNPATH_SEARCH_PATHS = (
					"$(inherited)",
					"@executable_path/Frameworks",
					"@loader_path/Frameworks",
				);
				PRODUCT_BUNDLE_IDENTIFIER = com.quangnghiadev.iCryptoTests;
				PRODUCT_NAME = "$(TARGET_NAME)";
				SWIFT_VERSION = 5.0;
				TARGETED_DEVICE_FAMILY = "1,2";
				TEST_HOST = "$(BUILT_PRODUCTS_DIR)/iCrypto.app/iCrypto";
			};
			name = Debug;
		};
		3B6FB36C247D7FD2002865DF /* Release */ = {
			isa = XCBuildConfiguration;
			buildSettings = {
				ALWAYS_EMBED_SWIFT_STANDARD_LIBRARIES = YES;
				BUNDLE_LOADER = "$(TEST_HOST)";
				CODE_SIGN_STYLE = Automatic;
				DEVELOPMENT_TEAM = KY6PD94UM5;
				INFOPLIST_FILE = iCryptoTests/Info.plist;
				IPHONEOS_DEPLOYMENT_TARGET = 13.5;
				LD_RUNPATH_SEARCH_PATHS = (
					"$(inherited)",
					"@executable_path/Frameworks",
					"@loader_path/Frameworks",
				);
				PRODUCT_BUNDLE_IDENTIFIER = com.quangnghiadev.iCryptoTests;
				PRODUCT_NAME = "$(TARGET_NAME)";
				SWIFT_VERSION = 5.0;
				TARGETED_DEVICE_FAMILY = "1,2";
				TEST_HOST = "$(BUILT_PRODUCTS_DIR)/iCrypto.app/iCrypto";
			};
			name = Release;
		};
/* End XCBuildConfiguration section */

/* Begin XCConfigurationList section */
		3B6FB340247D7FD1002865DF /* Build configuration list for PBXProject "iCrypto" */ = {
			isa = XCConfigurationList;
			buildConfigurations = (
				3B6FB365247D7FD2002865DF /* Debug */,
				3B6FB366247D7FD2002865DF /* Release */,
			);
			defaultConfigurationIsVisible = 0;
			defaultConfigurationName = Release;
		};
		3B6FB367247D7FD2002865DF /* Build configuration list for PBXNativeTarget "iCrypto" */ = {
			isa = XCConfigurationList;
			buildConfigurations = (
				3B6FB368247D7FD2002865DF /* Debug */,
				3B6FB369247D7FD2002865DF /* Release */,
			);
			defaultConfigurationIsVisible = 0;
			defaultConfigurationName = Release;
		};
		3B6FB36A247D7FD2002865DF /* Build configuration list for PBXNativeTarget "iCryptoTests" */ = {
			isa = XCConfigurationList;
			buildConfigurations = (
				3B6FB36B247D7FD2002865DF /* Debug */,
				3B6FB36C247D7FD2002865DF /* Release */,
			);
			defaultConfigurationIsVisible = 0;
			defaultConfigurationName = Release;
		};
/* End XCConfigurationList section */

/* Begin XCVersionGroup section */
		3B6FB351247D7FD1002865DF /* iCrypto.xcdatamodeld */ = {
			isa = XCVersionGroup;
			children = (
				3B6FB352247D7FD1002865DF /* iCrypto.xcdatamodel */,
			);
			currentVersion = 3B6FB352247D7FD1002865DF /* iCrypto.xcdatamodel */;
			path = iCrypto.xcdatamodeld;
			sourceTree = "<group>";
			versionGroupType = wrapper.xcdatamodel;
		};
/* End XCVersionGroup section */
	};
	rootObject = 3B6FB33D247D7FD1002865DF /* Project object */;
}
